// !$*UTF8*$!
{
	archiveVersion = 1;
	classes = {
	};
	objectVersion = 46;
	objects = {

/* Begin PBXBuildFile section */
		BC65A4CE1BAA585900AFEE91 /* main.m in Sources */ = {isa = PBXBuildFile; fileRef = BC65A4CD1BAA585900AFEE91 /* main.m */; };
		BC65A4D11BAA585900AFEE91 /* AppDelegate.m in Sources */ = {isa = PBXBuildFile; fileRef = BC65A4D01BAA585900AFEE91 /* AppDelegate.m */; };
		BC65A4D41BAA585900AFEE91 /* sampleMapKit001.xcdatamodeld in Sources */ = {isa = PBXBuildFile; fileRef = BC65A4D21BAA585900AFEE91 /* sampleMapKit001.xcdatamodeld */; };
		BC65A4D71BAA585900AFEE91 /* ViewController.m in Sources */ = {isa = PBXBuildFile; fileRef = BC65A4D61BAA585900AFEE91 /* ViewController.m */; };
		BC65A4DA1BAA585900AFEE91 /* Main.storyboard in Resources */ = {isa = PBXBuildFile; fileRef = BC65A4D81BAA585900AFEE91 /* Main.storyboard */; };
		BC65A4DC1BAA585900AFEE91 /* Images.xcassets in Resources */ = {isa = PBXBuildFile; fileRef = BC65A4DB1BAA585900AFEE91 /* Images.xcassets */; };
		BC65A4DF1BAA585900AFEE91 /* LaunchScreen.xib in Resources */ = {isa = PBXBuildFile; fileRef = BC65A4DD1BAA585900AFEE91 /* LaunchScreen.xib */; };
		BC65A4EB1BAA585900AFEE91 /* sampleMapKit001Tests.m in Sources */ = {isa = PBXBuildFile; fileRef = BC65A4EA1BAA585900AFEE91 /* sampleMapKit001Tests.m */; };
/* End PBXBuildFile section */

/* Begin PBXContainerItemProxy section */
		BC65A4E51BAA585900AFEE91 /* PBXContainerItemProxy */ = {
			isa = PBXContainerItemProxy;
			containerPortal = BC65A4C01BAA585900AFEE91 /* Project object */;
			proxyType = 1;
			remoteGlobalIDString = BC65A4C71BAA585900AFEE91;
			remoteInfo = sampleMapKit001;
		};
/* End PBXContainerItemProxy section */

/* Begin PBXFileReference section */
		BC65A4C81BAA585900AFEE91 /* sampleMapKit001.app */ = {isa = PBXFileReference; explicitFileType = wrapper.application; includeInIndex = 0; path = sampleMapKit001.app; sourceTree = BUILT_PRODUCTS_DIR; };
		BC65A4CC1BAA585900AFEE91 /* Info.plist */ = {isa = PBXFileReference; lastKnownFileType = text.plist.xml; path = Info.plist; sourceTree = "<group>"; };
		BC65A4CD1BAA585900AFEE91 /* main.m */ = {isa = PBXFileReference; lastKnownFileType = sourcecode.c.objc; path = main.m; sourceTree = "<group>"; };
		BC65A4CF1BAA585900AFEE91 /* AppDelegate.h */ = {isa = PBXFileReference; lastKnownFileType = sourcecode.c.h; path = AppDelegate.h; sourceTree = "<group>"; };
		BC65A4D01BAA585900AFEE91 /* AppDelegate.m */ = {isa = PBXFileReference; lastKnownFileType = sourcecode.c.objc; path = AppDelegate.m; sourceTree = "<group>"; };
		BC65A4D31BAA585900AFEE91 /* sampleMapKit001.xcdatamodel */ = {isa = PBXFileReference; lastKnownFileType = wrapper.xcdatamodel; path = sampleMapKit001.xcdatamodel; sourceTree = "<group>"; };
		BC65A4D51BAA585900AFEE91 /* ViewController.h */ = {isa = PBXFileReference; lastKnownFileType = sourcecode.c.h; path = ViewController.h; sourceTree = "<group>"; };
		BC65A4D61BAA585900AFEE91 /* ViewController.m */ = {isa = PBXFileReference; lastKnownFileType = sourcecode.c.objc; path = ViewController.m; sourceTree = "<group>"; };
		BC65A4D91BAA585900AFEE91 /* Base */ = {isa = PBXFileReference; lastKnownFileType = file.storyboard; name = Base; path = Base.lproj/Main.storyboard; sourceTree = "<group>"; };
		BC65A4DB1BAA585900AFEE91 /* Images.xcassets */ = {isa = PBXFileReference; lastKnownFileType = folder.assetcatalog; path = Images.xcassets; sourceTree = "<group>"; };
		BC65A4DE1BAA585900AFEE91 /* Base */ = {isa = PBXFileReference; lastKnownFileType = file.xib; name = Base; path = Base.lproj/LaunchScreen.xib; sourceTree = "<group>"; };
		BC65A4E41BAA585900AFEE91 /* sampleMapKit001Tests.xctest */ = {isa = PBXFileReference; explicitFileType = wrapper.cfbundle; includeInIndex = 0; path = sampleMapKit001Tests.xctest; sourceTree = BUILT_PRODUCTS_DIR; };
		BC65A4E91BAA585900AFEE91 /* Info.plist */ = {isa = PBXFileReference; lastKnownFileType = text.plist.xml; path = Info.plist; sourceTree = "<group>"; };
		BC65A4EA1BAA585900AFEE91 /* sampleMapKit001Tests.m */ = {isa = PBXFileReference; lastKnownFileType = sourcecode.c.objc; path = sampleMapKit001Tests.m; sourceTree = "<group>"; };
/* End PBXFileReference section */

/* Begin PBXFrameworksBuildPhase section */
		BC65A4C51BAA585900AFEE91 /* Frameworks */ = {
			isa = PBXFrameworksBuildPhase;
			buildActionMask = 2147483647;
			files = (
			);
			runOnlyForDeploymentPostprocessing = 0;
		};
		BC65A4E11BAA585900AFEE91 /* Frameworks */ = {
			isa = PBXFrameworksBuildPhase;
			buildActionMask = 2147483647;
			files = (
			);
			runOnlyForDeploymentPostprocessing = 0;
		};
/* End PBXFrameworksBuildPhase section */

/* Begin PBXGroup section */
		BC65A4BF1BAA585900AFEE91 = {
			isa = PBXGroup;
			children = (
				BC65A4CA1BAA585900AFEE91 /* sampleMapKit001 */,
				BC65A4E71BAA585900AFEE91 /* sampleMapKit001Tests */,
				BC65A4C91BAA585900AFEE91 /* Products */,
			);
			sourceTree = "<group>";
		};
		BC65A4C91BAA585900AFEE91 /* Products */ = {
			isa = PBXGroup;
			children = (
				BC65A4C81BAA585900AFEE91 /* sampleMapKit001.app */,
				BC65A4E41BAA585900AFEE91 /* sampleMapKit001Tests.xctest */,
			);
			name = Products;
			sourceTree = "<group>";
		};
		BC65A4CA1BAA585900AFEE91 /* sampleMapKit001 */ = {
			isa = PBXGroup;
			children = (
				BC65A4CF1BAA585900AFEE91 /* AppDelegate.h */,
				BC65A4D01BAA585900AFEE91 /* AppDelegate.m */,
				BC65A4D51BAA585900AFEE91 /* ViewController.h */,
				BC65A4D61BAA585900AFEE91 /* ViewController.m */,
				BC65A4D81BAA585900AFEE91 /* Main.storyboard */,
				BC65A4DB1BAA585900AFEE91 /* Images.xcassets */,
				BC65A4DD1BAA585900AFEE91 /* LaunchScreen.xib */,
				BC65A4D21BAA585900AFEE91 /* sampleMapKit001.xcdatamodeld */,
				BC65A4CB1BAA585900AFEE91 /* Supporting Files */,
			);
			path = sampleMapKit001;
			sourceTree = "<group>";
		};
		BC65A4CB1BAA585900AFEE91 /* Supporting Files */ = {
			isa = PBXGroup;
			children = (
				BC65A4CC1BAA585900AFEE91 /* Info.plist */,
				BC65A4CD1BAA585900AFEE91 /* main.m */,
			);
			name = "Supporting Files";
			sourceTree = "<group>";
		};
		BC65A4E71BAA585900AFEE91 /* sampleMapKit001Tests */ = {
			isa = PBXGroup;
			children = (
				BC65A4EA1BAA585900AFEE91 /* sampleMapKit001Tests.m */,
				BC65A4E81BAA585900AFEE91 /* Supporting Files */,
			);
			path = sampleMapKit001Tests;
			sourceTree = "<group>";
		};
		BC65A4E81BAA585900AFEE91 /* Supporting Files */ = {
			isa = PBXGroup;
			children = (
				BC65A4E91BAA585900AFEE91 /* Info.plist */,
			);
			name = "Supporting Files";
			sourceTree = "<group>";
		};
/* End PBXGroup section */

/* Begin PBXNativeTarget section */
		BC65A4C71BAA585900AFEE91 /* sampleMapKit001 */ = {
			isa = PBXNativeTarget;
			buildConfigurationList = BC65A4EE1BAA585900AFEE91 /* Build configuration list for PBXNativeTarget "sampleMapKit001" */;
			buildPhases = (
				BC65A4C41BAA585900AFEE91 /* Sources */,
				BC65A4C51BAA585900AFEE91 /* Frameworks */,
				BC65A4C61BAA585900AFEE91 /* Resources */,
			);
			buildRules = (
			);
			dependencies = (
			);
			name = sampleMapKit001;
			productName = sampleMapKit001;
			productReference = BC65A4C81BAA585900AFEE91 /* sampleMapKit001.app */;
			productType = "com.apple.product-type.application";
		};
		BC65A4E31BAA585900AFEE91 /* sampleMapKit001Tests */ = {
			isa = PBXNativeTarget;
			buildConfigurationList = BC65A4F11BAA585900AFEE91 /* Build configuration list for PBXNativeTarget "sampleMapKit001Tests" */;
			buildPhases = (
				BC65A4E01BAA585900AFEE91 /* Sources */,
				BC65A4E11BAA585900AFEE91 /* Frameworks */,
				BC65A4E21BAA585900AFEE91 /* Resources */,
			);
			buildRules = (
			);
			dependencies = (
				BC65A4E61BAA585900AFEE91 /* PBXTargetDependency */,
			);
			name = sampleMapKit001Tests;
			productName = sampleMapKit001Tests;
			productReference = BC65A4E41BAA585900AFEE91 /* sampleMapKit001Tests.xctest */;
			productType = "com.apple.product-type.bundle.unit-test";
		};
/* End PBXNativeTarget section */

/* Begin PBXProject section */
		BC65A4C01BAA585900AFEE91 /* Project object */ = {
			isa = PBXProject;
			attributes = {
				LastUpgradeCheck = 0640;
				ORGANIZATIONNAME = inagaki;
				TargetAttributes = {
					BC65A4C71BAA585900AFEE91 = {
						CreatedOnToolsVersion = 6.4;
					};
					BC65A4E31BAA585900AFEE91 = {
						CreatedOnToolsVersion = 6.4;
						TestTargetID = BC65A4C71BAA585900AFEE91;
					};
				};
			};
			buildConfigurationList = BC65A4C31BAA585900AFEE91 /* Build configuration list for PBXProject "sampleMapKit001" */;
			compatibilityVersion = "Xcode 3.2";
			developmentRegion = English;
			hasScannedForEncodings = 0;
			knownRegions = (
				en,
				Base,
			);
			mainGroup = BC65A4BF1BAA585900AFEE91;
			productRefGroup = BC65A4C91BAA585900AFEE91 /* Products */;
			projectDirPath = "";
			projectRoot = "";
			targets = (
				BC65A4C71BAA585900AFEE91 /* sampleMapKit001 */,
				BC65A4E31BAA585900AFEE91 /* sampleMapKit001Tests */,
			);
		};
/* End PBXProject section */

/* Begin PBXResourcesBuildPhase section */
		BC65A4C61BAA585900AFEE91 /* Resources */ = {
			isa = PBXResourcesBuildPhase;
			buildActionMask = 2147483647;
			files = (
				BC65A4DA1BAA585900AFEE91 /* Main.storyboard in Resources */,
				BC65A4DF1BAA585900AFEE91 /* LaunchScreen.xib in Resources */,
				BC65A4DC1BAA585900AFEE91 /* Images.xcassets in Resources */,
			);
			runOnlyForDeploymentPostprocessing = 0;
		};
		BC65A4E21BAA585900AFEE91 /* Resources */ = {
			isa = PBXResourcesBuildPhase;
			buildActionMask = 2147483647;
			files = (
			);
			runOnlyForDeploymentPostprocessing = 0;
		};
/* End PBXResourcesBuildPhase section */

/* Begin PBXSourcesBuildPhase section */
		BC65A4C41BAA585900AFEE91 /* Sources */ = {
			isa = PBXSourcesBuildPhase;
			buildActionMask = 2147483647;
			files = (
				BC65A4D11BAA585900AFEE91 /* AppDelegate.m in Sources */,
				BC65A4D41BAA585900AFEE91 /* sampleMapKit001.xcdatamodeld in Sources */,
				BC65A4D71BAA585900AFEE91 /* ViewController.m in Sources */,
				BC65A4CE1BAA585900AFEE91 /* main.m in Sources */,
			);
			runOnlyForDeploymentPostprocessing = 0;
		};
		BC65A4E01BAA585900AFEE91 /* Sources */ = {
			isa = PBXSourcesBuildPhase;
			buildActionMask = 2147483647;
			files = (
				BC65A4EB1BAA585900AFEE91 /* sampleMapKit001Tests.m in Sources */,
			);
			runOnlyForDeploymentPostprocessing = 0;
		};
/* End PBXSourcesBuildPhase section */

/* Begin PBXTargetDependency section */
		BC65A4E61BAA585900AFEE91 /* PBXTargetDependency */ = {
			isa = PBXTargetDependency;
			target = BC65A4C71BAA585900AFEE91 /* sampleMapKit001 */;
			targetProxy = BC65A4E51BAA585900AFEE91 /* PBXContainerItemProxy */;
		};
/* End PBXTargetDependency section */

/* Begin PBXVariantGroup section */
		BC65A4D81BAA585900AFEE91 /* Main.storyboard */ = {
			isa = PBXVariantGroup;
			children = (
				BC65A4D91BAA585900AFEE91 /* Base */,
			);
			name = Main.storyboard;
			sourceTree = "<group>";
		};
		BC65A4DD1BAA585900AFEE91 /* LaunchScreen.xib */ = {
			isa = PBXVariantGroup;
			children = (
				BC65A4DE1BAA585900AFEE91 /* Base */,
			);
			name = LaunchScreen.xib;
			sourceTree = "<group>";
		};
/* End PBXVariantGroup section */

/* Begin XCBuildConfiguration section */
		BC65A4EC1BAA585900AFEE91 /* Debug */ = {
			isa = XCBuildConfiguration;
			buildSettings = {
				ALWAYS_SEARCH_USER_PATHS = NO;
				CLANG_CXX_LANGUAGE_STANDARD = "gnu++0x";
				CLANG_CXX_LIBRARY = "libc++";
				CLANG_ENABLE_MODULES = YES;
				CLANG_ENABLE_OBJC_ARC = YES;
				CLANG_WARN_BOOL_CONVERSION = YES;
				CLANG_WARN_CONSTANT_CONVERSION = YES;
				CLANG_WARN_DIRECT_OBJC_ISA_USAGE = YES_ERROR;
				CLANG_WARN_EMPTY_BODY = YES;
				CLANG_WARN_ENUM_CONVERSION = YES;
				CLANG_WARN_INT_CONVERSION = YES;
				CLANG_WARN_OBJC_ROOT_CLASS = YES_ERROR;
				CLANG_WARN_UNREACHABLE_CODE = YES;
				CLANG_WARN__DUPLICATE_METHOD_MATCH = YES;
				"CODE_SIGN_IDENTITY[sdk=iphoneos*]" = "iPhone Developer";
				COPY_PHASE_STRIP = NO;
				DEBUG_INFORMATION_FORMAT = "dwarf-with-dsym";
				ENABLE_STRICT_OBJC_MSGSEND = YES;
				GCC_C_LANGUAGE_STANDARD = gnu99;
				GCC_DYNAMIC_NO_PIC = NO;
				GCC_NO_COMMON_BLOCKS = YES;
				GCC_OPTIMIZATION_LEVEL = 0;
				GCC_PREPROCESSOR_DEFINITIONS = (
					"DEBUG=1",
					"$(inherited)",
				);
				GCC_SYMBOLS_PRIVATE_EXTERN = NO;
				GCC_WARN_64_TO_32_BIT_CONVERSION = YES;
				GCC_WARN_ABOUT_RETURN_TYPE = YES_ERROR;
				GCC_WARN_UNDECLARED_SELECTOR = YES;
				GCC_WARN_UNINITIALIZED_AUTOS = YES_AGGRESSIVE;
				GCC_WARN_UNUSED_FUNCTION = YES;
				GCC_WARN_UNUSED_VARIABLE = YES;
				IPHONEOS_DEPLOYMENT_TARGET = 8.4;
				MTL_ENABLE_DEBUG_INFO = YES;
				ONLY_ACTIVE_ARCH = YES;
				SDKROOT = iphoneos;
				TARGETED_DEVICE_FAMILY = "1,2";
			};
			name = Debug;
		};
		BC65A4ED1BAA585900AFEE91 /* Release */ = {
			isa = XCBuildConfiguration;
			buildSettings = {
				ALWAYS_SEARCH_USER_PATHS = NO;
				CLANG_CXX_LANGUAGE_STANDARD = "gnu++0x";
				CLANG_CXX_LIBRARY = "libc++";
				CLANG_ENABLE_MODULES = YES;
				CLANG_ENABLE_OBJC_ARC = YES;
				CLANG_WARN_BOOL_CONVERSION = YES;
				CLANG_WARN_CONSTANT_CONVERSION = YES;
				CLANG_WARN_DIRECT_OBJC_ISA_USAGE = YES_ERROR;
				CLANG_WARN_EMPTY_BODY = YES;
				CLANG_WARN_ENUM_CONVERSION = YES;
				CLANG_WARN_INT_CONVERSION = YES;
				CLANG_WARN_OBJC_ROOT_CLASS = YES_ERROR;
				CLANG_WARN_UNREACHABLE_CODE = YES;
				CLANG_WARN__DUPLICATE_METHOD_MATCH = YES;
				"CODE_SIGN_IDENTITY[sdk=iphoneos*]" = "iPhone Developer";
				COPY_PHASE_STRIP = NO;
				DEBUG_INFORMATION_FORMAT = "dwarf-with-dsym";
				ENABLE_NS_ASSERTIONS = NO;
				ENABLE_STRICT_OBJC_MSGSEND = YES;
				GCC_C_LANGUAGE_STANDARD = gnu99;
				GCC_NO_COMMON_BLOCKS = YES;
				GCC_WARN_64_TO_32_BIT_CONVERSION = YES;
				GCC_WARN_ABOUT_RETURN_TYPE = YES_ERROR;
				GCC_WARN_UNDECLARED_SELECTOR = YES;
				GCC_WARN_UNINITIALIZED_AUTOS = YES_AGGRESSIVE;
				GCC_WARN_UNUSED_FUNCTION = YES;
				GCC_WARN_UNUSED_VARIABLE = YES;
				IPHONEOS_DEPLOYMENT_TARGET = 8.4;
				MTL_ENABLE_DEBUG_INFO = NO;
				SDKROOT = iphoneos;
				TARGETED_DEVICE_FAMILY = "1,2";
				VALIDATE_PRODUCT = YES;
			};
			name = Release;
		};
		BC65A4EF1BAA585900AFEE91 /* Debug */ = {
			isa = XCBuildConfiguration;
			buildSettings = {
				ASSETCATALOG_COMPILER_APPICON_NAME = AppIcon;
				INFOPLIST_FILE = sampleMapKit001/Info.plist;
				LD_RUNPATH_SEARCH_PATHS = "$(inherited) @executable_path/Frameworks";
				PRODUCT_NAME = "$(TARGET_NAME)";
			};
			name = Debug;
		};
		BC65A4F01BAA585900AFEE91 /* Release */ = {
			isa = XCBuildConfiguration;
			buildSettings = {
				ASSETCATALOG_COMPILER_APPICON_NAME = AppIcon;
				INFOPLIST_FILE = sampleMapKit001/Info.plist;
				LD_RUNPATH_SEARCH_PATHS = "$(inherited) @executable_path/Frameworks";
				PRODUCT_NAME = "$(TARGET_NAME)";
			};
			name = Release;
		};
		BC65A4F21BAA585900AFEE91 /* Debug */ = {
			isa = XCBuildConfiguration;
			buildSettings = {
				BUNDLE_LOADER = "$(TEST_HOST)";
				FRAMEWORK_SEARCH_PATHS = (
					"$(SDKROOT)/Developer/Library/Frameworks",
					"$(inherited)",
				);
				GCC_PREPROCESSOR_DEFINITIONS = (
					"DEBUG=1",
					"$(inherited)",
				);
				INFOPLIST_FILE = sampleMapKit001Tests/Info.plist;
				LD_RUNPATH_SEARCH_PATHS = "$(inherited) @executable_path/Frameworks @loader_path/Frameworks";
				PRODUCT_NAME = "$(TARGET_NAME)";
				TEST_HOST = "$(BUILT_PRODUCTS_DIR)/sampleMapKit001.app/sampleMapKit001";
			};
			name = Debug;
		};
		BC65A4F31BAA585900AFEE91 /* Release */ = {
			isa = XCBuildConfiguration;
			buildSettings = {
				BUNDLE_LOADER = "$(TEST_HOST)";
				FRAMEWORK_SEARCH_PATHS = (
					"$(SDKROOT)/Developer/Library/Frameworks",
					"$(inherited)",
				);
				INFOPLIST_FILE = sampleMapKit001Tests/Info.plist;
				LD_RUNPATH_SEARCH_PATHS = "$(inherited) @executable_path/Frameworks @loader_path/Frameworks";
				PRODUCT_NAME = "$(TARGET_NAME)";
				TEST_HOST = "$(BUILT_PRODUCTS_DIR)/sampleMapKit001.app/sampleMapKit001";
			};
			name = Release;
		};
/* End XCBuildConfiguration section */

/* Begin XCConfigurationList section */
		BC65A4C31BAA585900AFEE91 /* Build configuration list for PBXProject "sampleMapKit001" */ = {
			isa = XCConfigurationList;
			buildConfigurations = (
				BC65A4EC1BAA585900AFEE91 /* Debug */,
				BC65A4ED1BAA585900AFEE91 /* Release */,
			);
			defaultConfigurationIsVisible = 0;
			defaultConfigurationName = Release;
		};
		BC65A4EE1BAA585900AFEE91 /* Build configuration list for PBXNativeTarget "sampleMapKit001" */ = {
			isa = XCConfigurationList;
			buildConfigurations = (
				BC65A4EF1BAA585900AFEE91 /* Debug */,
				BC65A4F01BAA585900AFEE91 /* Release */,
			);
			defaultConfigurationIsVisible = 0;
		};
		BC65A4F11BAA585900AFEE91 /* Build configuration list for PBXNativeTarget "sampleMapKit001Tests" */ = {
			isa = XCConfigurationList;
			buildConfigurations = (
				BC65A4F21BAA585900AFEE91 /* Debug */,
				BC65A4F31BAA585900AFEE91 /* Release */,
			);
			defaultConfigurationIsVisible = 0;
		};
/* End XCConfigurationList section */

/* Begin XCVersionGroup section */
		BC65A4D21BAA585900AFEE91 /* sampleMapKit001.xcdatamodeld */ = {
			isa = XCVersionGroup;
			children = (
				BC65A4D31BAA585900AFEE91 /* sampleMapKit001.xcdatamodel */,
			);
			currentVersion = BC65A4D31BAA585900AFEE91 /* sampleMapKit001.xcdatamodel */;
			path = sampleMapKit001.xcdatamodeld;
			sourceTree = "<group>";
			versionGroupType = wrapper.xcdatamodel;
		};
/* End XCVersionGroup section */
	};
	rootObject = BC65A4C01BAA585900AFEE91 /* Project object */;
}
