// !$*UTF8*$!
{
	archiveVersion = 1;
	classes = {
	};
	objectVersion = 46;
	objects = {

/* Begin PBXBuildFile section */
		BC65A8981BB11A5500AFEE91 /* main.m in Sources */ = {isa = PBXBuildFile; fileRef = BC65A8971BB11A5500AFEE91 /* main.m */; };
		BC65A89B1BB11A5500AFEE91 /* AppDelegate.m in Sources */ = {isa = PBXBuildFile; fileRef = BC65A89A1BB11A5500AFEE91 /* AppDelegate.m */; };
		BC65A89E1BB11A5500AFEE91 /* ViewController.m in Sources */ = {isa = PBXBuildFile; fileRef = BC65A89D1BB11A5500AFEE91 /* ViewController.m */; };
		BC65A8A11BB11A5500AFEE91 /* Main.storyboard in Resources */ = {isa = PBXBuildFile; fileRef = BC65A89F1BB11A5500AFEE91 /* Main.storyboard */; };
		BC65A8A31BB11A5500AFEE91 /* Images.xcassets in Resources */ = {isa = PBXBuildFile; fileRef = BC65A8A21BB11A5500AFEE91 /* Images.xcassets */; };
		BC65A8A61BB11A5500AFEE91 /* LaunchScreen.xib in Resources */ = {isa = PBXBuildFile; fileRef = BC65A8A41BB11A5500AFEE91 /* LaunchScreen.xib */; };
		BC65A8B21BB11A5500AFEE91 /* TestSolverTests.m in Sources */ = {isa = PBXBuildFile; fileRef = BC65A8B11BB11A5500AFEE91 /* TestSolverTests.m */; };
		BC65A8C01BB259C100AFEE91 /* Question.m in Sources */ = {isa = PBXBuildFile; fileRef = BC65A8BF1BB259C100AFEE91 /* Question.m */; };
		BC65A8C41BB2EC8500AFEE91 /* x.png in Resources */ = {isa = PBXBuildFile; fileRef = BC65A8C31BB2EC8500AFEE91 /* x.png */; };
/* End PBXBuildFile section */

/* Begin PBXContainerItemProxy section */
		BC65A8AC1BB11A5500AFEE91 /* PBXContainerItemProxy */ = {
			isa = PBXContainerItemProxy;
			containerPortal = BC65A88A1BB11A5500AFEE91 /* Project object */;
			proxyType = 1;
			remoteGlobalIDString = BC65A8911BB11A5500AFEE91;
			remoteInfo = TestSolver;
		};
/* End PBXContainerItemProxy section */

/* Begin PBXFileReference section */
		BC65A8921BB11A5500AFEE91 /* TestSolver.app */ = {isa = PBXFileReference; explicitFileType = wrapper.application; includeInIndex = 0; path = TestSolver.app; sourceTree = BUILT_PRODUCTS_DIR; };
		BC65A8961BB11A5500AFEE91 /* Info.plist */ = {isa = PBXFileReference; lastKnownFileType = text.plist.xml; path = Info.plist; sourceTree = "<group>"; };
		BC65A8971BB11A5500AFEE91 /* main.m */ = {isa = PBXFileReference; lastKnownFileType = sourcecode.c.objc; path = main.m; sourceTree = "<group>"; };
		BC65A8991BB11A5500AFEE91 /* AppDelegate.h */ = {isa = PBXFileReference; lastKnownFileType = sourcecode.c.h; path = AppDelegate.h; sourceTree = "<group>"; };
		BC65A89A1BB11A5500AFEE91 /* AppDelegate.m */ = {isa = PBXFileReference; lastKnownFileType = sourcecode.c.objc; path = AppDelegate.m; sourceTree = "<group>"; };
		BC65A89C1BB11A5500AFEE91 /* ViewController.h */ = {isa = PBXFileReference; lastKnownFileType = sourcecode.c.h; path = ViewController.h; sourceTree = "<group>"; };
		BC65A89D1BB11A5500AFEE91 /* ViewController.m */ = {isa = PBXFileReference; lastKnownFileType = sourcecode.c.objc; path = ViewController.m; sourceTree = "<group>"; };
		BC65A8A01BB11A5500AFEE91 /* Base */ = {isa = PBXFileReference; lastKnownFileType = file.storyboard; name = Base; path = Base.lproj/Main.storyboard; sourceTree = "<group>"; };
		BC65A8A21BB11A5500AFEE91 /* Images.xcassets */ = {isa = PBXFileReference; lastKnownFileType = folder.assetcatalog; path = Images.xcassets; sourceTree = "<group>"; };
		BC65A8A51BB11A5500AFEE91 /* Base */ = {isa = PBXFileReference; lastKnownFileType = file.xib; name = Base; path = Base.lproj/LaunchScreen.xib; sourceTree = "<group>"; };
		BC65A8AB1BB11A5500AFEE91 /* TestSolverTests.xctest */ = {isa = PBXFileReference; explicitFileType = wrapper.cfbundle; includeInIndex = 0; path = TestSolverTests.xctest; sourceTree = BUILT_PRODUCTS_DIR; };
		BC65A8B01BB11A5500AFEE91 /* Info.plist */ = {isa = PBXFileReference; lastKnownFileType = text.plist.xml; path = Info.plist; sourceTree = "<group>"; };
		BC65A8B11BB11A5500AFEE91 /* TestSolverTests.m */ = {isa = PBXFileReference; lastKnownFileType = sourcecode.c.objc; path = TestSolverTests.m; sourceTree = "<group>"; };
		BC65A8BE1BB259C100AFEE91 /* Question.h */ = {isa = PBXFileReference; fileEncoding = 4; lastKnownFileType = sourcecode.c.h; path = Question.h; sourceTree = "<group>"; };
		BC65A8BF1BB259C100AFEE91 /* Question.m */ = {isa = PBXFileReference; fileEncoding = 4; lastKnownFileType = sourcecode.c.objc; path = Question.m; sourceTree = "<group>"; };
		BC65A8C31BB2EC8500AFEE91 /* x.png */ = {isa = PBXFileReference; lastKnownFileType = image.png; path = x.png; sourceTree = "<group>"; };
/* End PBXFileReference section */

/* Begin PBXFrameworksBuildPhase section */
		BC65A88F1BB11A5500AFEE91 /* Frameworks */ = {
			isa = PBXFrameworksBuildPhase;
			buildActionMask = 2147483647;
			files = (
			);
			runOnlyForDeploymentPostprocessing = 0;
		};
		BC65A8A81BB11A5500AFEE91 /* Frameworks */ = {
			isa = PBXFrameworksBuildPhase;
			buildActionMask = 2147483647;
			files = (
			);
			runOnlyForDeploymentPostprocessing = 0;
		};
/* End PBXFrameworksBuildPhase section */

/* Begin PBXGroup section */
		BC65A8891BB11A5500AFEE91 = {
			isa = PBXGroup;
			children = (
				BC65A8941BB11A5500AFEE91 /* TestSolver */,
				BC65A8AE1BB11A5500AFEE91 /* TestSolverTests */,
				BC65A8931BB11A5500AFEE91 /* Products */,
			);
			sourceTree = "<group>";
		};
		BC65A8931BB11A5500AFEE91 /* Products */ = {
			isa = PBXGroup;
			children = (
				BC65A8921BB11A5500AFEE91 /* TestSolver.app */,
				BC65A8AB1BB11A5500AFEE91 /* TestSolverTests.xctest */,
			);
			name = Products;
			sourceTree = "<group>";
		};
		BC65A8941BB11A5500AFEE91 /* TestSolver */ = {
			isa = PBXGroup;
			children = (
				BC65A8991BB11A5500AFEE91 /* AppDelegate.h */,
				BC65A89A1BB11A5500AFEE91 /* AppDelegate.m */,
				BC65A89C1BB11A5500AFEE91 /* ViewController.h */,
				BC65A89D1BB11A5500AFEE91 /* ViewController.m */,
				BC65A8BE1BB259C100AFEE91 /* Question.h */,
				BC65A8BF1BB259C100AFEE91 /* Question.m */,
				BC65A89F1BB11A5500AFEE91 /* Main.storyboard */,
				BC65A8A21BB11A5500AFEE91 /* Images.xcassets */,
				BC65A8A41BB11A5500AFEE91 /* LaunchScreen.xib */,
				BC65A8951BB11A5500AFEE91 /* Supporting Files */,
			);
			path = TestSolver;
			sourceTree = "<group>";
		};
		BC65A8951BB11A5500AFEE91 /* Supporting Files */ = {
			isa = PBXGroup;
			children = (
				BC65A8C31BB2EC8500AFEE91 /* x.png */,
				BC65A8961BB11A5500AFEE91 /* Info.plist */,
				BC65A8971BB11A5500AFEE91 /* main.m */,
			);
			name = "Supporting Files";
			sourceTree = "<group>";
		};
		BC65A8AE1BB11A5500AFEE91 /* TestSolverTests */ = {
			isa = PBXGroup;
			children = (
				BC65A8B11BB11A5500AFEE91 /* TestSolverTests.m */,
				BC65A8AF1BB11A5500AFEE91 /* Supporting Files */,
			);
			path = TestSolverTests;
			sourceTree = "<group>";
		};
		BC65A8AF1BB11A5500AFEE91 /* Supporting Files */ = {
			isa = PBXGroup;
			children = (
				BC65A8B01BB11A5500AFEE91 /* Info.plist */,
			);
			name = "Supporting Files";
			sourceTree = "<group>";
		};
/* End PBXGroup section */

/* Begin PBXNativeTarget section */
		BC65A8911BB11A5500AFEE91 /* TestSolver */ = {
			isa = PBXNativeTarget;
			buildConfigurationList = BC65A8B51BB11A5500AFEE91 /* Build configuration list for PBXNativeTarget "TestSolver" */;
			buildPhases = (
				BC65A88E1BB11A5500AFEE91 /* Sources */,
				BC65A88F1BB11A5500AFEE91 /* Frameworks */,
				BC65A8901BB11A5500AFEE91 /* Resources */,
			);
			buildRules = (
			);
			dependencies = (
			);
			name = TestSolver;
			productName = TestSolver;
			productReference = BC65A8921BB11A5500AFEE91 /* TestSolver.app */;
			productType = "com.apple.product-type.application";
		};
		BC65A8AA1BB11A5500AFEE91 /* TestSolverTests */ = {
			isa = PBXNativeTarget;
			buildConfigurationList = BC65A8B81BB11A5500AFEE91 /* Build configuration list for PBXNativeTarget "TestSolverTests" */;
			buildPhases = (
				BC65A8A71BB11A5500AFEE91 /* Sources */,
				BC65A8A81BB11A5500AFEE91 /* Frameworks */,
				BC65A8A91BB11A5500AFEE91 /* Resources */,
			);
			buildRules = (
			);
			dependencies = (
				BC65A8AD1BB11A5500AFEE91 /* PBXTargetDependency */,
			);
			name = TestSolverTests;
			productName = TestSolverTests;
			productReference = BC65A8AB1BB11A5500AFEE91 /* TestSolverTests.xctest */;
			productType = "com.apple.product-type.bundle.unit-test";
		};
/* End PBXNativeTarget section */

/* Begin PBXProject section */
		BC65A88A1BB11A5500AFEE91 /* Project object */ = {
			isa = PBXProject;
			attributes = {
				LastUpgradeCheck = 0640;
				ORGANIZATIONNAME = inagaki;
				TargetAttributes = {
					BC65A8911BB11A5500AFEE91 = {
						CreatedOnToolsVersion = 6.4;
					};
					BC65A8AA1BB11A5500AFEE91 = {
						CreatedOnToolsVersion = 6.4;
						TestTargetID = BC65A8911BB11A5500AFEE91;
					};
				};
			};
			buildConfigurationList = BC65A88D1BB11A5500AFEE91 /* Build configuration list for PBXProject "TestSolver" */;
			compatibilityVersion = "Xcode 3.2";
			developmentRegion = English;
			hasScannedForEncodings = 0;
			knownRegions = (
				en,
				Base,
			);
			mainGroup = BC65A8891BB11A5500AFEE91;
			productRefGroup = BC65A8931BB11A5500AFEE91 /* Products */;
			projectDirPath = "";
			projectRoot = "";
			targets = (
				BC65A8911BB11A5500AFEE91 /* TestSolver */,
				BC65A8AA1BB11A5500AFEE91 /* TestSolverTests */,
			);
		};
/* End PBXProject section */

/* Begin PBXResourcesBuildPhase section */
		BC65A8901BB11A5500AFEE91 /* Resources */ = {
			isa = PBXResourcesBuildPhase;
			buildActionMask = 2147483647;
			files = (
				BC65A8C41BB2EC8500AFEE91 /* x.png in Resources */,
				BC65A8A11BB11A5500AFEE91 /* Main.storyboard in Resources */,
				BC65A8A61BB11A5500AFEE91 /* LaunchScreen.xib in Resources */,
				BC65A8A31BB11A5500AFEE91 /* Images.xcassets in Resources */,
			);
			runOnlyForDeploymentPostprocessing = 0;
		};
		BC65A8A91BB11A5500AFEE91 /* Resources */ = {
			isa = PBXResourcesBuildPhase;
			buildActionMask = 2147483647;
			files = (
			);
			runOnlyForDeploymentPostprocessing = 0;
		};
/* End PBXResourcesBuildPhase section */

/* Begin PBXSourcesBuildPhase section */
		BC65A88E1BB11A5500AFEE91 /* Sources */ = {
			isa = PBXSourcesBuildPhase;
			buildActionMask = 2147483647;
			files = (
				BC65A89E1BB11A5500AFEE91 /* ViewController.m in Sources */,
				BC65A8C01BB259C100AFEE91 /* Question.m in Sources */,
				BC65A89B1BB11A5500AFEE91 /* AppDelegate.m in Sources */,
				BC65A8981BB11A5500AFEE91 /* main.m in Sources */,
			);
			runOnlyForDeploymentPostprocessing = 0;
		};
		BC65A8A71BB11A5500AFEE91 /* Sources */ = {
			isa = PBXSourcesBuildPhase;
			buildActionMask = 2147483647;
			files = (
				BC65A8B21BB11A5500AFEE91 /* TestSolverTests.m in Sources */,
			);
			runOnlyForDeploymentPostprocessing = 0;
		};
/* End PBXSourcesBuildPhase section */

/* Begin PBXTargetDependency section */
		BC65A8AD1BB11A5500AFEE91 /* PBXTargetDependency */ = {
			isa = PBXTargetDependency;
			target = BC65A8911BB11A5500AFEE91 /* TestSolver */;
			targetProxy = BC65A8AC1BB11A5500AFEE91 /* PBXContainerItemProxy */;
		};
/* End PBXTargetDependency section */

/* Begin PBXVariantGroup section */
		BC65A89F1BB11A5500AFEE91 /* Main.storyboard */ = {
			isa = PBXVariantGroup;
			children = (
				BC65A8A01BB11A5500AFEE91 /* Base */,
			);
			name = Main.storyboard;
			sourceTree = "<group>";
		};
		BC65A8A41BB11A5500AFEE91 /* LaunchScreen.xib */ = {
			isa = PBXVariantGroup;
			children = (
				BC65A8A51BB11A5500AFEE91 /* Base */,
			);
			name = LaunchScreen.xib;
			sourceTree = "<group>";
		};
/* End PBXVariantGroup section */

/* Begin XCBuildConfiguration section */
		BC65A8B31BB11A5500AFEE91 /* Debug */ = {
			isa = XCBuildConfiguration;
			buildSettings = {
				ALWAYS_SEARCH_USER_PATHS = NO;
				CLANG_CXX_LANGUAGE_STANDARD = "gnu++0x";
				CLANG_CXX_LIBRARY = "libc++";
				CLANG_ENABLE_MODULES = YES;
				CLANG_ENABLE_OBJC_ARC = YES;
				CLANG_WARN_BOOL_CONVERSION = YES;
				CLANG_WARN_CONSTANT_CONVERSION = YES;
				CLANG_WARN_DIRECT_OBJC_ISA_USAGE = YES_ERROR;
				CLANG_WARN_EMPTY_BODY = YES;
				CLANG_WARN_ENUM_CONVERSION = YES;
				CLANG_WARN_INT_CONVERSION = YES;
				CLANG_WARN_OBJC_ROOT_CLASS = YES_ERROR;
				CLANG_WARN_UNREACHABLE_CODE = YES;
				CLANG_WARN__DUPLICATE_METHOD_MATCH = YES;
				"CODE_SIGN_IDENTITY[sdk=iphoneos*]" = "iPhone Developer";
				COPY_PHASE_STRIP = NO;
				DEBUG_INFORMATION_FORMAT = "dwarf-with-dsym";
				ENABLE_STRICT_OBJC_MSGSEND = YES;
				GCC_C_LANGUAGE_STANDARD = gnu99;
				GCC_DYNAMIC_NO_PIC = NO;
				GCC_NO_COMMON_BLOCKS = YES;
				GCC_OPTIMIZATION_LEVEL = 0;
				GCC_PREPROCESSOR_DEFINITIONS = (
					"DEBUG=1",
					"$(inherited)",
				);
				GCC_SYMBOLS_PRIVATE_EXTERN = NO;
				GCC_WARN_64_TO_32_BIT_CONVERSION = YES;
				GCC_WARN_ABOUT_RETURN_TYPE = YES_ERROR;
				GCC_WARN_UNDECLARED_SELECTOR = YES;
				GCC_WARN_UNINITIALIZED_AUTOS = YES_AGGRESSIVE;
				GCC_WARN_UNUSED_FUNCTION = YES;
				GCC_WARN_UNUSED_VARIABLE = YES;
				IPHONEOS_DEPLOYMENT_TARGET = 8.4;
				MTL_ENABLE_DEBUG_INFO = YES;
				ONLY_ACTIVE_ARCH = YES;
				SDKROOT = iphoneos;
				TARGETED_DEVICE_FAMILY = "1,2";
			};
			name = Debug;
		};
		BC65A8B41BB11A5500AFEE91 /* Release */ = {
			isa = XCBuildConfiguration;
			buildSettings = {
				ALWAYS_SEARCH_USER_PATHS = NO;
				CLANG_CXX_LANGUAGE_STANDARD = "gnu++0x";
				CLANG_CXX_LIBRARY = "libc++";
				CLANG_ENABLE_MODULES = YES;
				CLANG_ENABLE_OBJC_ARC = YES;
				CLANG_WARN_BOOL_CONVERSION = YES;
				CLANG_WARN_CONSTANT_CONVERSION = YES;
				CLANG_WARN_DIRECT_OBJC_ISA_USAGE = YES_ERROR;
				CLANG_WARN_EMPTY_BODY = YES;
				CLANG_WARN_ENUM_CONVERSION = YES;
				CLANG_WARN_INT_CONVERSION = YES;
				CLANG_WARN_OBJC_ROOT_CLASS = YES_ERROR;
				CLANG_WARN_UNREACHABLE_CODE = YES;
				CLANG_WARN__DUPLICATE_METHOD_MATCH = YES;
				"CODE_SIGN_IDENTITY[sdk=iphoneos*]" = "iPhone Developer";
				COPY_PHASE_STRIP = NO;
				DEBUG_INFORMATION_FORMAT = "dwarf-with-dsym";
				ENABLE_NS_ASSERTIONS = NO;
				ENABLE_STRICT_OBJC_MSGSEND = YES;
				GCC_C_LANGUAGE_STANDARD = gnu99;
				GCC_NO_COMMON_BLOCKS = YES;
				GCC_WARN_64_TO_32_BIT_CONVERSION = YES;
				GCC_WARN_ABOUT_RETURN_TYPE = YES_ERROR;
				GCC_WARN_UNDECLARED_SELECTOR = YES;
				GCC_WARN_UNINITIALIZED_AUTOS = YES_AGGRESSIVE;
				GCC_WARN_UNUSED_FUNCTION = YES;
				GCC_WARN_UNUSED_VARIABLE = YES;
				IPHONEOS_DEPLOYMENT_TARGET = 8.4;
				MTL_ENABLE_DEBUG_INFO = NO;
				SDKROOT = iphoneos;
				TARGETED_DEVICE_FAMILY = "1,2";
				VALIDATE_PRODUCT = YES;
			};
			name = Release;
		};
		BC65A8B61BB11A5500AFEE91 /* Debug */ = {
			isa = XCBuildConfiguration;
			buildSettings = {
				ASSETCATALOG_COMPILER_APPICON_NAME = AppIcon;
				INFOPLIST_FILE = TestSolver/Info.plist;
				LD_RUNPATH_SEARCH_PATHS = "$(inherited) @executable_path/Frameworks";
				PRODUCT_NAME = "$(TARGET_NAME)";
			};
			name = Debug;
		};
		BC65A8B71BB11A5500AFEE91 /* Release */ = {
			isa = XCBuildConfiguration;
			buildSettings = {
				ASSETCATALOG_COMPILER_APPICON_NAME = AppIcon;
				INFOPLIST_FILE = TestSolver/Info.plist;
				LD_RUNPATH_SEARCH_PATHS = "$(inherited) @executable_path/Frameworks";
				PRODUCT_NAME = "$(TARGET_NAME)";
			};
			name = Release;
		};
		BC65A8B91BB11A5500AFEE91 /* Debug */ = {
			isa = XCBuildConfiguration;
			buildSettings = {
				BUNDLE_LOADER = "$(TEST_HOST)";
				FRAMEWORK_SEARCH_PATHS = (
					"$(SDKROOT)/Developer/Library/Frameworks",
					"$(inherited)",
				);
				GCC_PREPROCESSOR_DEFINITIONS = (
					"DEBUG=1",
					"$(inherited)",
				);
				INFOPLIST_FILE = TestSolverTests/Info.plist;
				LD_RUNPATH_SEARCH_PATHS = "$(inherited) @executable_path/Frameworks @loader_path/Frameworks";
				PRODUCT_NAME = "$(TARGET_NAME)";
				TEST_HOST = "$(BUILT_PRODUCTS_DIR)/TestSolver.app/TestSolver";
			};
			name = Debug;
		};
		BC65A8BA1BB11A5500AFEE91 /* Release */ = {
			isa = XCBuildConfiguration;
			buildSettings = {
				BUNDLE_LOADER = "$(TEST_HOST)";
				FRAMEWORK_SEARCH_PATHS = (
					"$(SDKROOT)/Developer/Library/Frameworks",
					"$(inherited)",
				);
				INFOPLIST_FILE = TestSolverTests/Info.plist;
				LD_RUNPATH_SEARCH_PATHS = "$(inherited) @executable_path/Frameworks @loader_path/Frameworks";
				PRODUCT_NAME = "$(TARGET_NAME)";
				TEST_HOST = "$(BUILT_PRODUCTS_DIR)/TestSolver.app/TestSolver";
			};
			name = Release;
		};
/* End XCBuildConfiguration section */

/* Begin XCConfigurationList section */
		BC65A88D1BB11A5500AFEE91 /* Build configuration list for PBXProject "TestSolver" */ = {
			isa = XCConfigurationList;
			buildConfigurations = (
				BC65A8B31BB11A5500AFEE91 /* Debug */,
				BC65A8B41BB11A5500AFEE91 /* Release */,
			);
			defaultConfigurationIsVisible = 0;
			defaultConfigurationName = Release;
		};
		BC65A8B51BB11A5500AFEE91 /* Build configuration list for PBXNativeTarget "TestSolver" */ = {
			isa = XCConfigurationList;
			buildConfigurations = (
				BC65A8B61BB11A5500AFEE91 /* Debug */,
				BC65A8B71BB11A5500AFEE91 /* Release */,
			);
			defaultConfigurationIsVisible = 0;
		};
		BC65A8B81BB11A5500AFEE91 /* Build configuration list for PBXNativeTarget "TestSolverTests" */ = {
			isa = XCConfigurationList;
			buildConfigurations = (
				BC65A8B91BB11A5500AFEE91 /* Debug */,
				BC65A8BA1BB11A5500AFEE91 /* Release */,
			);
			defaultConfigurationIsVisible = 0;
		};
/* End XCConfigurationList section */
	};
	rootObject = BC65A88A1BB11A5500AFEE91 /* Project object */;
}
