// !$*UTF8*$!
{
	archiveVersion = 1;
	classes = {
	};
	objectVersion = 46;
	objects = {

/* Begin PBXBuildFile section */
		BC65A85D1BAFB58900AFEE91 /* main.m in Sources */ = {isa = PBXBuildFile; fileRef = BC65A85C1BAFB58900AFEE91 /* main.m */; };
		BC65A8601BAFB58900AFEE91 /* AppDelegate.m in Sources */ = {isa = PBXBuildFile; fileRef = BC65A85F1BAFB58900AFEE91 /* AppDelegate.m */; };
		BC65A8631BAFB58900AFEE91 /* ViewController.m in Sources */ = {isa = PBXBuildFile; fileRef = BC65A8621BAFB58900AFEE91 /* ViewController.m */; };
		BC65A8661BAFB58900AFEE91 /* Main.storyboard in Resources */ = {isa = PBXBuildFile; fileRef = BC65A8641BAFB58900AFEE91 /* Main.storyboard */; };
		BC65A8681BAFB58900AFEE91 /* Images.xcassets in Resources */ = {isa = PBXBuildFile; fileRef = BC65A8671BAFB58900AFEE91 /* Images.xcassets */; };
		BC65A86B1BAFB58900AFEE91 /* LaunchScreen.xib in Resources */ = {isa = PBXBuildFile; fileRef = BC65A8691BAFB58900AFEE91 /* LaunchScreen.xib */; };
		BC65A8771BAFB58900AFEE91 /* samplePListHWTests.m in Sources */ = {isa = PBXBuildFile; fileRef = BC65A8761BAFB58900AFEE91 /* samplePListHWTests.m */; };
		BC65A8811BAFB5B500AFEE91 /* FriendsPerArea.plist in Resources */ = {isa = PBXBuildFile; fileRef = BC65A8801BAFB5B500AFEE91 /* FriendsPerArea.plist */; };
		BC65A8841BAFC04F00AFEE91 /* AreaViewController.m in Sources */ = {isa = PBXBuildFile; fileRef = BC65A8831BAFC04F00AFEE91 /* AreaViewController.m */; };
/* End PBXBuildFile section */

/* Begin PBXContainerItemProxy section */
		BC65A8711BAFB58900AFEE91 /* PBXContainerItemProxy */ = {
			isa = PBXContainerItemProxy;
			containerPortal = BC65A84F1BAFB58900AFEE91 /* Project object */;
			proxyType = 1;
			remoteGlobalIDString = BC65A8561BAFB58900AFEE91;
			remoteInfo = samplePListHW;
		};
/* End PBXContainerItemProxy section */

/* Begin PBXFileReference section */
		BC65A8571BAFB58900AFEE91 /* samplePListHW.app */ = {isa = PBXFileReference; explicitFileType = wrapper.application; includeInIndex = 0; path = samplePListHW.app; sourceTree = BUILT_PRODUCTS_DIR; };
		BC65A85B1BAFB58900AFEE91 /* Info.plist */ = {isa = PBXFileReference; lastKnownFileType = text.plist.xml; path = Info.plist; sourceTree = "<group>"; };
		BC65A85C1BAFB58900AFEE91 /* main.m */ = {isa = PBXFileReference; lastKnownFileType = sourcecode.c.objc; path = main.m; sourceTree = "<group>"; };
		BC65A85E1BAFB58900AFEE91 /* AppDelegate.h */ = {isa = PBXFileReference; lastKnownFileType = sourcecode.c.h; path = AppDelegate.h; sourceTree = "<group>"; };
		BC65A85F1BAFB58900AFEE91 /* AppDelegate.m */ = {isa = PBXFileReference; lastKnownFileType = sourcecode.c.objc; path = AppDelegate.m; sourceTree = "<group>"; };
		BC65A8611BAFB58900AFEE91 /* ViewController.h */ = {isa = PBXFileReference; lastKnownFileType = sourcecode.c.h; path = ViewController.h; sourceTree = "<group>"; };
		BC65A8621BAFB58900AFEE91 /* ViewController.m */ = {isa = PBXFileReference; lastKnownFileType = sourcecode.c.objc; path = ViewController.m; sourceTree = "<group>"; };
		BC65A8651BAFB58900AFEE91 /* Base */ = {isa = PBXFileReference; lastKnownFileType = file.storyboard; name = Base; path = Base.lproj/Main.storyboard; sourceTree = "<group>"; };
		BC65A8671BAFB58900AFEE91 /* Images.xcassets */ = {isa = PBXFileReference; lastKnownFileType = folder.assetcatalog; path = Images.xcassets; sourceTree = "<group>"; };
		BC65A86A1BAFB58900AFEE91 /* Base */ = {isa = PBXFileReference; lastKnownFileType = file.xib; name = Base; path = Base.lproj/LaunchScreen.xib; sourceTree = "<group>"; };
		BC65A8701BAFB58900AFEE91 /* samplePListHWTests.xctest */ = {isa = PBXFileReference; explicitFileType = wrapper.cfbundle; includeInIndex = 0; path = samplePListHWTests.xctest; sourceTree = BUILT_PRODUCTS_DIR; };
		BC65A8751BAFB58900AFEE91 /* Info.plist */ = {isa = PBXFileReference; lastKnownFileType = text.plist.xml; path = Info.plist; sourceTree = "<group>"; };
		BC65A8761BAFB58900AFEE91 /* samplePListHWTests.m */ = {isa = PBXFileReference; lastKnownFileType = sourcecode.c.objc; path = samplePListHWTests.m; sourceTree = "<group>"; };
		BC65A8801BAFB5B500AFEE91 /* FriendsPerArea.plist */ = {isa = PBXFileReference; fileEncoding = 4; lastKnownFileType = text.plist.xml; path = FriendsPerArea.plist; sourceTree = "<group>"; };
		BC65A8821BAFC04F00AFEE91 /* AreaViewController.h */ = {isa = PBXFileReference; fileEncoding = 4; lastKnownFileType = sourcecode.c.h; path = AreaViewController.h; sourceTree = "<group>"; };
		BC65A8831BAFC04F00AFEE91 /* AreaViewController.m */ = {isa = PBXFileReference; fileEncoding = 4; lastKnownFileType = sourcecode.c.objc; path = AreaViewController.m; sourceTree = "<group>"; };
/* End PBXFileReference section */

/* Begin PBXFrameworksBuildPhase section */
		BC65A8541BAFB58900AFEE91 /* Frameworks */ = {
			isa = PBXFrameworksBuildPhase;
			buildActionMask = 2147483647;
			files = (
			);
			runOnlyForDeploymentPostprocessing = 0;
		};
		BC65A86D1BAFB58900AFEE91 /* Frameworks */ = {
			isa = PBXFrameworksBuildPhase;
			buildActionMask = 2147483647;
			files = (
			);
			runOnlyForDeploymentPostprocessing = 0;
		};
/* End PBXFrameworksBuildPhase section */

/* Begin PBXGroup section */
		BC65A84E1BAFB58900AFEE91 = {
			isa = PBXGroup;
			children = (
				BC65A8591BAFB58900AFEE91 /* samplePListHW */,
				BC65A8731BAFB58900AFEE91 /* samplePListHWTests */,
				BC65A8581BAFB58900AFEE91 /* Products */,
			);
			sourceTree = "<group>";
		};
		BC65A8581BAFB58900AFEE91 /* Products */ = {
			isa = PBXGroup;
			children = (
				BC65A8571BAFB58900AFEE91 /* samplePListHW.app */,
				BC65A8701BAFB58900AFEE91 /* samplePListHWTests.xctest */,
			);
			name = Products;
			sourceTree = "<group>";
		};
		BC65A8591BAFB58900AFEE91 /* samplePListHW */ = {
			isa = PBXGroup;
			children = (
				BC65A85E1BAFB58900AFEE91 /* AppDelegate.h */,
				BC65A85F1BAFB58900AFEE91 /* AppDelegate.m */,
				BC65A8611BAFB58900AFEE91 /* ViewController.h */,
				BC65A8621BAFB58900AFEE91 /* ViewController.m */,
				BC65A8821BAFC04F00AFEE91 /* AreaViewController.h */,
				BC65A8831BAFC04F00AFEE91 /* AreaViewController.m */,
				BC65A8641BAFB58900AFEE91 /* Main.storyboard */,
				BC65A8671BAFB58900AFEE91 /* Images.xcassets */,
				BC65A8691BAFB58900AFEE91 /* LaunchScreen.xib */,
				BC65A8801BAFB5B500AFEE91 /* FriendsPerArea.plist */,
				BC65A85A1BAFB58900AFEE91 /* Supporting Files */,
			);
			path = samplePListHW;
			sourceTree = "<group>";
		};
		BC65A85A1BAFB58900AFEE91 /* Supporting Files */ = {
			isa = PBXGroup;
			children = (
				BC65A85B1BAFB58900AFEE91 /* Info.plist */,
				BC65A85C1BAFB58900AFEE91 /* main.m */,
			);
			name = "Supporting Files";
			sourceTree = "<group>";
		};
		BC65A8731BAFB58900AFEE91 /* samplePListHWTests */ = {
			isa = PBXGroup;
			children = (
				BC65A8761BAFB58900AFEE91 /* samplePListHWTests.m */,
				BC65A8741BAFB58900AFEE91 /* Supporting Files */,
			);
			path = samplePListHWTests;
			sourceTree = "<group>";
		};
		BC65A8741BAFB58900AFEE91 /* Supporting Files */ = {
			isa = PBXGroup;
			children = (
				BC65A8751BAFB58900AFEE91 /* Info.plist */,
			);
			name = "Supporting Files";
			sourceTree = "<group>";
		};
/* End PBXGroup section */

/* Begin PBXNativeTarget section */
		BC65A8561BAFB58900AFEE91 /* samplePListHW */ = {
			isa = PBXNativeTarget;
			buildConfigurationList = BC65A87A1BAFB58900AFEE91 /* Build configuration list for PBXNativeTarget "samplePListHW" */;
			buildPhases = (
				BC65A8531BAFB58900AFEE91 /* Sources */,
				BC65A8541BAFB58900AFEE91 /* Frameworks */,
				BC65A8551BAFB58900AFEE91 /* Resources */,
			);
			buildRules = (
			);
			dependencies = (
			);
			name = samplePListHW;
			productName = samplePListHW;
			productReference = BC65A8571BAFB58900AFEE91 /* samplePListHW.app */;
			productType = "com.apple.product-type.application";
		};
		BC65A86F1BAFB58900AFEE91 /* samplePListHWTests */ = {
			isa = PBXNativeTarget;
			buildConfigurationList = BC65A87D1BAFB58900AFEE91 /* Build configuration list for PBXNativeTarget "samplePListHWTests" */;
			buildPhases = (
				BC65A86C1BAFB58900AFEE91 /* Sources */,
				BC65A86D1BAFB58900AFEE91 /* Frameworks */,
				BC65A86E1BAFB58900AFEE91 /* Resources */,
			);
			buildRules = (
			);
			dependencies = (
				BC65A8721BAFB58900AFEE91 /* PBXTargetDependency */,
			);
			name = samplePListHWTests;
			productName = samplePListHWTests;
			productReference = BC65A8701BAFB58900AFEE91 /* samplePListHWTests.xctest */;
			productType = "com.apple.product-type.bundle.unit-test";
		};
/* End PBXNativeTarget section */

/* Begin PBXProject section */
		BC65A84F1BAFB58900AFEE91 /* Project object */ = {
			isa = PBXProject;
			attributes = {
				LastUpgradeCheck = 0640;
				ORGANIZATIONNAME = inagaki;
				TargetAttributes = {
					BC65A8561BAFB58900AFEE91 = {
						CreatedOnToolsVersion = 6.4;
					};
					BC65A86F1BAFB58900AFEE91 = {
						CreatedOnToolsVersion = 6.4;
						TestTargetID = BC65A8561BAFB58900AFEE91;
					};
				};
			};
			buildConfigurationList = BC65A8521BAFB58900AFEE91 /* Build configuration list for PBXProject "samplePListHW" */;
			compatibilityVersion = "Xcode 3.2";
			developmentRegion = English;
			hasScannedForEncodings = 0;
			knownRegions = (
				en,
				Base,
			);
			mainGroup = BC65A84E1BAFB58900AFEE91;
			productRefGroup = BC65A8581BAFB58900AFEE91 /* Products */;
			projectDirPath = "";
			projectRoot = "";
			targets = (
				BC65A8561BAFB58900AFEE91 /* samplePListHW */,
				BC65A86F1BAFB58900AFEE91 /* samplePListHWTests */,
			);
		};
/* End PBXProject section */

/* Begin PBXResourcesBuildPhase section */
		BC65A8551BAFB58900AFEE91 /* Resources */ = {
			isa = PBXResourcesBuildPhase;
			buildActionMask = 2147483647;
			files = (
				BC65A8661BAFB58900AFEE91 /* Main.storyboard in Resources */,
				BC65A8811BAFB5B500AFEE91 /* FriendsPerArea.plist in Resources */,
				BC65A86B1BAFB58900AFEE91 /* LaunchScreen.xib in Resources */,
				BC65A8681BAFB58900AFEE91 /* Images.xcassets in Resources */,
			);
			runOnlyForDeploymentPostprocessing = 0;
		};
		BC65A86E1BAFB58900AFEE91 /* Resources */ = {
			isa = PBXResourcesBuildPhase;
			buildActionMask = 2147483647;
			files = (
			);
			runOnlyForDeploymentPostprocessing = 0;
		};
/* End PBXResourcesBuildPhase section */

/* Begin PBXSourcesBuildPhase section */
		BC65A8531BAFB58900AFEE91 /* Sources */ = {
			isa = PBXSourcesBuildPhase;
			buildActionMask = 2147483647;
			files = (
				BC65A8631BAFB58900AFEE91 /* ViewController.m in Sources */,
				BC65A8601BAFB58900AFEE91 /* AppDelegate.m in Sources */,
				BC65A85D1BAFB58900AFEE91 /* main.m in Sources */,
				BC65A8841BAFC04F00AFEE91 /* AreaViewController.m in Sources */,
			);
			runOnlyForDeploymentPostprocessing = 0;
		};
		BC65A86C1BAFB58900AFEE91 /* Sources */ = {
			isa = PBXSourcesBuildPhase;
			buildActionMask = 2147483647;
			files = (
				BC65A8771BAFB58900AFEE91 /* samplePListHWTests.m in Sources */,
			);
			runOnlyForDeploymentPostprocessing = 0;
		};
/* End PBXSourcesBuildPhase section */

/* Begin PBXTargetDependency section */
		BC65A8721BAFB58900AFEE91 /* PBXTargetDependency */ = {
			isa = PBXTargetDependency;
			target = BC65A8561BAFB58900AFEE91 /* samplePListHW */;
			targetProxy = BC65A8711BAFB58900AFEE91 /* PBXContainerItemProxy */;
		};
/* End PBXTargetDependency section */

/* Begin PBXVariantGroup section */
		BC65A8641BAFB58900AFEE91 /* Main.storyboard */ = {
			isa = PBXVariantGroup;
			children = (
				BC65A8651BAFB58900AFEE91 /* Base */,
			);
			name = Main.storyboard;
			sourceTree = "<group>";
		};
		BC65A8691BAFB58900AFEE91 /* LaunchScreen.xib */ = {
			isa = PBXVariantGroup;
			children = (
				BC65A86A1BAFB58900AFEE91 /* Base */,
			);
			name = LaunchScreen.xib;
			sourceTree = "<group>";
		};
/* End PBXVariantGroup section */

/* Begin XCBuildConfiguration section */
		BC65A8781BAFB58900AFEE91 /* Debug */ = {
			isa = XCBuildConfiguration;
			buildSettings = {
				ALWAYS_SEARCH_USER_PATHS = NO;
				CLANG_CXX_LANGUAGE_STANDARD = "gnu++0x";
				CLANG_CXX_LIBRARY = "libc++";
				CLANG_ENABLE_MODULES = YES;
				CLANG_ENABLE_OBJC_ARC = YES;
				CLANG_WARN_BOOL_CONVERSION = YES;
				CLANG_WARN_CONSTANT_CONVERSION = YES;
				CLANG_WARN_DIRECT_OBJC_ISA_USAGE = YES_ERROR;
				CLANG_WARN_EMPTY_BODY = YES;
				CLANG_WARN_ENUM_CONVERSION = YES;
				CLANG_WARN_INT_CONVERSION = YES;
				CLANG_WARN_OBJC_ROOT_CLASS = YES_ERROR;
				CLANG_WARN_UNREACHABLE_CODE = YES;
				CLANG_WARN__DUPLICATE_METHOD_MATCH = YES;
				"CODE_SIGN_IDENTITY[sdk=iphoneos*]" = "iPhone Developer";
				COPY_PHASE_STRIP = NO;
				DEBUG_INFORMATION_FORMAT = "dwarf-with-dsym";
				ENABLE_STRICT_OBJC_MSGSEND = YES;
				GCC_C_LANGUAGE_STANDARD = gnu99;
				GCC_DYNAMIC_NO_PIC = NO;
				GCC_NO_COMMON_BLOCKS = YES;
				GCC_OPTIMIZATION_LEVEL = 0;
				GCC_PREPROCESSOR_DEFINITIONS = (
					"DEBUG=1",
					"$(inherited)",
				);
				GCC_SYMBOLS_PRIVATE_EXTERN = NO;
				GCC_WARN_64_TO_32_BIT_CONVERSION = YES;
				GCC_WARN_ABOUT_RETURN_TYPE = YES_ERROR;
				GCC_WARN_UNDECLARED_SELECTOR = YES;
				GCC_WARN_UNINITIALIZED_AUTOS = YES_AGGRESSIVE;
				GCC_WARN_UNUSED_FUNCTION = YES;
				GCC_WARN_UNUSED_VARIABLE = YES;
				IPHONEOS_DEPLOYMENT_TARGET = 8.4;
				MTL_ENABLE_DEBUG_INFO = YES;
				ONLY_ACTIVE_ARCH = YES;
				SDKROOT = iphoneos;
				TARGETED_DEVICE_FAMILY = "1,2";
			};
			name = Debug;
		};
		BC65A8791BAFB58900AFEE91 /* Release */ = {
			isa = XCBuildConfiguration;
			buildSettings = {
				ALWAYS_SEARCH_USER_PATHS = NO;
				CLANG_CXX_LANGUAGE_STANDARD = "gnu++0x";
				CLANG_CXX_LIBRARY = "libc++";
				CLANG_ENABLE_MODULES = YES;
				CLANG_ENABLE_OBJC_ARC = YES;
				CLANG_WARN_BOOL_CONVERSION = YES;
				CLANG_WARN_CONSTANT_CONVERSION = YES;
				CLANG_WARN_DIRECT_OBJC_ISA_USAGE = YES_ERROR;
				CLANG_WARN_EMPTY_BODY = YES;
				CLANG_WARN_ENUM_CONVERSION = YES;
				CLANG_WARN_INT_CONVERSION = YES;
				CLANG_WARN_OBJC_ROOT_CLASS = YES_ERROR;
				CLANG_WARN_UNREACHABLE_CODE = YES;
				CLANG_WARN__DUPLICATE_METHOD_MATCH = YES;
				"CODE_SIGN_IDENTITY[sdk=iphoneos*]" = "iPhone Developer";
				COPY_PHASE_STRIP = NO;
				DEBUG_INFORMATION_FORMAT = "dwarf-with-dsym";
				ENABLE_NS_ASSERTIONS = NO;
				ENABLE_STRICT_OBJC_MSGSEND = YES;
				GCC_C_LANGUAGE_STANDARD = gnu99;
				GCC_NO_COMMON_BLOCKS = YES;
				GCC_WARN_64_TO_32_BIT_CONVERSION = YES;
				GCC_WARN_ABOUT_RETURN_TYPE = YES_ERROR;
				GCC_WARN_UNDECLARED_SELECTOR = YES;
				GCC_WARN_UNINITIALIZED_AUTOS = YES_AGGRESSIVE;
				GCC_WARN_UNUSED_FUNCTION = YES;
				GCC_WARN_UNUSED_VARIABLE = YES;
				IPHONEOS_DEPLOYMENT_TARGET = 8.4;
				MTL_ENABLE_DEBUG_INFO = NO;
				SDKROOT = iphoneos;
				TARGETED_DEVICE_FAMILY = "1,2";
				VALIDATE_PRODUCT = YES;
			};
			name = Release;
		};
		BC65A87B1BAFB58900AFEE91 /* Debug */ = {
			isa = XCBuildConfiguration;
			buildSettings = {
				ASSETCATALOG_COMPILER_APPICON_NAME = AppIcon;
				INFOPLIST_FILE = samplePListHW/Info.plist;
				LD_RUNPATH_SEARCH_PATHS = "$(inherited) @executable_path/Frameworks";
				PRODUCT_NAME = "$(TARGET_NAME)";
			};
			name = Debug;
		};
		BC65A87C1BAFB58900AFEE91 /* Release */ = {
			isa = XCBuildConfiguration;
			buildSettings = {
				ASSETCATALOG_COMPILER_APPICON_NAME = AppIcon;
				INFOPLIST_FILE = samplePListHW/Info.plist;
				LD_RUNPATH_SEARCH_PATHS = "$(inherited) @executable_path/Frameworks";
				PRODUCT_NAME = "$(TARGET_NAME)";
			};
			name = Release;
		};
		BC65A87E1BAFB58900AFEE91 /* Debug */ = {
			isa = XCBuildConfiguration;
			buildSettings = {
				BUNDLE_LOADER = "$(TEST_HOST)";
				FRAMEWORK_SEARCH_PATHS = (
					"$(SDKROOT)/Developer/Library/Frameworks",
					"$(inherited)",
				);
				GCC_PREPROCESSOR_DEFINITIONS = (
					"DEBUG=1",
					"$(inherited)",
				);
				INFOPLIST_FILE = samplePListHWTests/Info.plist;
				LD_RUNPATH_SEARCH_PATHS = "$(inherited) @executable_path/Frameworks @loader_path/Frameworks";
				PRODUCT_NAME = "$(TARGET_NAME)";
				TEST_HOST = "$(BUILT_PRODUCTS_DIR)/samplePListHW.app/samplePListHW";
			};
			name = Debug;
		};
		BC65A87F1BAFB58900AFEE91 /* Release */ = {
			isa = XCBuildConfiguration;
			buildSettings = {
				BUNDLE_LOADER = "$(TEST_HOST)";
				FRAMEWORK_SEARCH_PATHS = (
					"$(SDKROOT)/Developer/Library/Frameworks",
					"$(inherited)",
				);
				INFOPLIST_FILE = samplePListHWTests/Info.plist;
				LD_RUNPATH_SEARCH_PATHS = "$(inherited) @executable_path/Frameworks @loader_path/Frameworks";
				PRODUCT_NAME = "$(TARGET_NAME)";
				TEST_HOST = "$(BUILT_PRODUCTS_DIR)/samplePListHW.app/samplePListHW";
			};
			name = Release;
		};
/* End XCBuildConfiguration section */

/* Begin XCConfigurationList section */
		BC65A8521BAFB58900AFEE91 /* Build configuration list for PBXProject "samplePListHW" */ = {
			isa = XCConfigurationList;
			buildConfigurations = (
				BC65A8781BAFB58900AFEE91 /* Debug */,
				BC65A8791BAFB58900AFEE91 /* Release */,
			);
			defaultConfigurationIsVisible = 0;
			defaultConfigurationName = Release;
		};
		BC65A87A1BAFB58900AFEE91 /* Build configuration list for PBXNativeTarget "samplePListHW" */ = {
			isa = XCConfigurationList;
			buildConfigurations = (
				BC65A87B1BAFB58900AFEE91 /* Debug */,
				BC65A87C1BAFB58900AFEE91 /* Release */,
			);
			defaultConfigurationIsVisible = 0;
		};
		BC65A87D1BAFB58900AFEE91 /* Build configuration list for PBXNativeTarget "samplePListHWTests" */ = {
			isa = XCConfigurationList;
			buildConfigurations = (
				BC65A87E1BAFB58900AFEE91 /* Debug */,
				BC65A87F1BAFB58900AFEE91 /* Release */,
			);
			defaultConfigurationIsVisible = 0;
		};
/* End XCConfigurationList section */
	};
	rootObject = BC65A84F1BAFB58900AFEE91 /* Project object */;
}
