// !$*UTF8*$!
{
	archiveVersion = 1;
	classes = {
	};
	objectVersion = 46;
	objects = {

/* Begin PBXBuildFile section */
		1BCAA3E21A70C15B0094DBC2 /* detailViewController.m in Sources */ = {isa = PBXBuildFile; fileRef = 1BCAA3E11A70C15B0094DBC2 /* detailViewController.m */; };
		1BF26A851A6F888F00BED700 /* main.m in Sources */ = {isa = PBXBuildFile; fileRef = 1BF26A841A6F888F00BED700 /* main.m */; };
		1BF26A881A6F888F00BED700 /* AppDelegate.m in Sources */ = {isa = PBXBuildFile; fileRef = 1BF26A871A6F888F00BED700 /* AppDelegate.m */; };
		1BF26A8B1A6F888F00BED700 /* ViewController.m in Sources */ = {isa = PBXBuildFile; fileRef = 1BF26A8A1A6F888F00BED700 /* ViewController.m */; };
		1BF26A8E1A6F888F00BED700 /* Main.storyboard in Resources */ = {isa = PBXBuildFile; fileRef = 1BF26A8C1A6F888F00BED700 /* Main.storyboard */; };
		1BF26A901A6F888F00BED700 /* Images.xcassets in Resources */ = {isa = PBXBuildFile; fileRef = 1BF26A8F1A6F888F00BED700 /* Images.xcassets */; };
		1BF26A931A6F888F00BED700 /* LaunchScreen.xib in Resources */ = {isa = PBXBuildFile; fileRef = 1BF26A911A6F888F00BED700 /* LaunchScreen.xib */; };
		1BF26A9F1A6F888F00BED700 /* SamplePListTests.m in Sources */ = {isa = PBXBuildFile; fileRef = 1BF26A9E1A6F888F00BED700 /* SamplePListTests.m */; };
		1BF26AA91A6F8DCD00BED700 /* FriendsPerArea.plist in Resources */ = {isa = PBXBuildFile; fileRef = 1BF26AA81A6F8DCD00BED700 /* FriendsPerArea.plist */; };
/* End PBXBuildFile section */

/* Begin PBXContainerItemProxy section */
		1BF26A991A6F888F00BED700 /* PBXContainerItemProxy */ = {
			isa = PBXContainerItemProxy;
			containerPortal = 1BF26A771A6F888F00BED700 /* Project object */;
			proxyType = 1;
			remoteGlobalIDString = 1BF26A7E1A6F888F00BED700;
			remoteInfo = SamplePList;
		};
/* End PBXContainerItemProxy section */

/* Begin PBXFileReference section */
		1BCAA3E01A70C15B0094DBC2 /* detailViewController.h */ = {isa = PBXFileReference; fileEncoding = 4; lastKnownFileType = sourcecode.c.h; path = detailViewController.h; sourceTree = "<group>"; };
		1BCAA3E11A70C15B0094DBC2 /* detailViewController.m */ = {isa = PBXFileReference; fileEncoding = 4; lastKnownFileType = sourcecode.c.objc; path = detailViewController.m; sourceTree = "<group>"; };
		1BF26A7F1A6F888F00BED700 /* SamplePList.app */ = {isa = PBXFileReference; explicitFileType = wrapper.application; includeInIndex = 0; path = SamplePList.app; sourceTree = BUILT_PRODUCTS_DIR; };
		1BF26A831A6F888F00BED700 /* Info.plist */ = {isa = PBXFileReference; lastKnownFileType = text.plist.xml; path = Info.plist; sourceTree = "<group>"; };
		1BF26A841A6F888F00BED700 /* main.m */ = {isa = PBXFileReference; lastKnownFileType = sourcecode.c.objc; path = main.m; sourceTree = "<group>"; };
		1BF26A861A6F888F00BED700 /* AppDelegate.h */ = {isa = PBXFileReference; lastKnownFileType = sourcecode.c.h; path = AppDelegate.h; sourceTree = "<group>"; };
		1BF26A871A6F888F00BED700 /* AppDelegate.m */ = {isa = PBXFileReference; lastKnownFileType = sourcecode.c.objc; path = AppDelegate.m; sourceTree = "<group>"; };
		1BF26A891A6F888F00BED700 /* ViewController.h */ = {isa = PBXFileReference; lastKnownFileType = sourcecode.c.h; path = ViewController.h; sourceTree = "<group>"; };
		1BF26A8A1A6F888F00BED700 /* ViewController.m */ = {isa = PBXFileReference; lastKnownFileType = sourcecode.c.objc; path = ViewController.m; sourceTree = "<group>"; };
		1BF26A8D1A6F888F00BED700 /* Base */ = {isa = PBXFileReference; lastKnownFileType = file.storyboard; name = Base; path = Base.lproj/Main.storyboard; sourceTree = "<group>"; };
		1BF26A8F1A6F888F00BED700 /* Images.xcassets */ = {isa = PBXFileReference; lastKnownFileType = folder.assetcatalog; path = Images.xcassets; sourceTree = "<group>"; };
		1BF26A921A6F888F00BED700 /* Base */ = {isa = PBXFileReference; lastKnownFileType = file.xib; name = Base; path = Base.lproj/LaunchScreen.xib; sourceTree = "<group>"; };
		1BF26A981A6F888F00BED700 /* SamplePListTests.xctest */ = {isa = PBXFileReference; explicitFileType = wrapper.cfbundle; includeInIndex = 0; path = SamplePListTests.xctest; sourceTree = BUILT_PRODUCTS_DIR; };
		1BF26A9D1A6F888F00BED700 /* Info.plist */ = {isa = PBXFileReference; lastKnownFileType = text.plist.xml; path = Info.plist; sourceTree = "<group>"; };
		1BF26A9E1A6F888F00BED700 /* SamplePListTests.m */ = {isa = PBXFileReference; lastKnownFileType = sourcecode.c.objc; path = SamplePListTests.m; sourceTree = "<group>"; };
		1BF26AA81A6F8DCD00BED700 /* FriendsPerArea.plist */ = {isa = PBXFileReference; fileEncoding = 4; lastKnownFileType = text.plist.xml; path = FriendsPerArea.plist; sourceTree = "<group>"; };
/* End PBXFileReference section */

/* Begin PBXFrameworksBuildPhase section */
		1BF26A7C1A6F888F00BED700 /* Frameworks */ = {
			isa = PBXFrameworksBuildPhase;
			buildActionMask = 2147483647;
			files = (
			);
			runOnlyForDeploymentPostprocessing = 0;
		};
		1BF26A951A6F888F00BED700 /* Frameworks */ = {
			isa = PBXFrameworksBuildPhase;
			buildActionMask = 2147483647;
			files = (
			);
			runOnlyForDeploymentPostprocessing = 0;
		};
/* End PBXFrameworksBuildPhase section */

/* Begin PBXGroup section */
		1BF26A761A6F888F00BED700 = {
			isa = PBXGroup;
			children = (
				1BF26A811A6F888F00BED700 /* SamplePList */,
				1BF26A9B1A6F888F00BED700 /* SamplePListTests */,
				1BF26A801A6F888F00BED700 /* Products */,
			);
			sourceTree = "<group>";
		};
		1BF26A801A6F888F00BED700 /* Products */ = {
			isa = PBXGroup;
			children = (
				1BF26A7F1A6F888F00BED700 /* SamplePList.app */,
				1BF26A981A6F888F00BED700 /* SamplePListTests.xctest */,
			);
			name = Products;
			sourceTree = "<group>";
		};
		1BF26A811A6F888F00BED700 /* SamplePList */ = {
			isa = PBXGroup;
			children = (
				1BF26A861A6F888F00BED700 /* AppDelegate.h */,
				1BF26A871A6F888F00BED700 /* AppDelegate.m */,
				1BF26A891A6F888F00BED700 /* ViewController.h */,
				1BF26A8A1A6F888F00BED700 /* ViewController.m */,
				1BCAA3E01A70C15B0094DBC2 /* detailViewController.h */,
				1BCAA3E11A70C15B0094DBC2 /* detailViewController.m */,
				1BF26A8C1A6F888F00BED700 /* Main.storyboard */,
				1BF26A8F1A6F888F00BED700 /* Images.xcassets */,
				1BF26A911A6F888F00BED700 /* LaunchScreen.xib */,
				1BF26A821A6F888F00BED700 /* Supporting Files */,
				1BF26AA81A6F8DCD00BED700 /* FriendsPerArea.plist */,
			);
			path = SamplePList;
			sourceTree = "<group>";
		};
		1BF26A821A6F888F00BED700 /* Supporting Files */ = {
			isa = PBXGroup;
			children = (
				1BF26A831A6F888F00BED700 /* Info.plist */,
				1BF26A841A6F888F00BED700 /* main.m */,
			);
			name = "Supporting Files";
			sourceTree = "<group>";
		};
		1BF26A9B1A6F888F00BED700 /* SamplePListTests */ = {
			isa = PBXGroup;
			children = (
				1BF26A9E1A6F888F00BED700 /* SamplePListTests.m */,
				1BF26A9C1A6F888F00BED700 /* Supporting Files */,
			);
			path = SamplePListTests;
			sourceTree = "<group>";
		};
		1BF26A9C1A6F888F00BED700 /* Supporting Files */ = {
			isa = PBXGroup;
			children = (
				1BF26A9D1A6F888F00BED700 /* Info.plist */,
			);
			name = "Supporting Files";
			sourceTree = "<group>";
		};
/* End PBXGroup section */

/* Begin PBXNativeTarget section */
		1BF26A7E1A6F888F00BED700 /* SamplePList */ = {
			isa = PBXNativeTarget;
			buildConfigurationList = 1BF26AA21A6F888F00BED700 /* Build configuration list for PBXNativeTarget "SamplePList" */;
			buildPhases = (
				1BF26A7B1A6F888F00BED700 /* Sources */,
				1BF26A7C1A6F888F00BED700 /* Frameworks */,
				1BF26A7D1A6F888F00BED700 /* Resources */,
			);
			buildRules = (
			);
			dependencies = (
			);
			name = SamplePList;
			productName = SamplePList;
			productReference = 1BF26A7F1A6F888F00BED700 /* SamplePList.app */;
			productType = "com.apple.product-type.application";
		};
		1BF26A971A6F888F00BED700 /* SamplePListTests */ = {
			isa = PBXNativeTarget;
			buildConfigurationList = 1BF26AA51A6F888F00BED700 /* Build configuration list for PBXNativeTarget "SamplePListTests" */;
			buildPhases = (
				1BF26A941A6F888F00BED700 /* Sources */,
				1BF26A951A6F888F00BED700 /* Frameworks */,
				1BF26A961A6F888F00BED700 /* Resources */,
			);
			buildRules = (
			);
			dependencies = (
				1BF26A9A1A6F888F00BED700 /* PBXTargetDependency */,
			);
			name = SamplePListTests;
			productName = SamplePListTests;
			productReference = 1BF26A981A6F888F00BED700 /* SamplePListTests.xctest */;
			productType = "com.apple.product-type.bundle.unit-test";
		};
/* End PBXNativeTarget section */

/* Begin PBXProject section */
		1BF26A771A6F888F00BED700 /* Project object */ = {
			isa = PBXProject;
			attributes = {
				LastUpgradeCheck = 0610;
				ORGANIZATIONNAME = "Eriko Ichinohe";
				TargetAttributes = {
					1BF26A7E1A6F888F00BED700 = {
						CreatedOnToolsVersion = 6.1.1;
					};
					1BF26A971A6F888F00BED700 = {
						CreatedOnToolsVersion = 6.1.1;
						TestTargetID = 1BF26A7E1A6F888F00BED700;
					};
				};
			};
			buildConfigurationList = 1BF26A7A1A6F888F00BED700 /* Build configuration list for PBXProject "SamplePList" */;
			compatibilityVersion = "Xcode 3.2";
			developmentRegion = English;
			hasScannedForEncodings = 0;
			knownRegions = (
				en,
				Base,
			);
			mainGroup = 1BF26A761A6F888F00BED700;
			productRefGroup = 1BF26A801A6F888F00BED700 /* Products */;
			projectDirPath = "";
			projectRoot = "";
			targets = (
				1BF26A7E1A6F888F00BED700 /* SamplePList */,
				1BF26A971A6F888F00BED700 /* SamplePListTests */,
			);
		};
/* End PBXProject section */

/* Begin PBXResourcesBuildPhase section */
		1BF26A7D1A6F888F00BED700 /* Resources */ = {
			isa = PBXResourcesBuildPhase;
			buildActionMask = 2147483647;
			files = (
				1BF26A8E1A6F888F00BED700 /* Main.storyboard in Resources */,
				1BF26AA91A6F8DCD00BED700 /* FriendsPerArea.plist in Resources */,
				1BF26A931A6F888F00BED700 /* LaunchScreen.xib in Resources */,
				1BF26A901A6F888F00BED700 /* Images.xcassets in Resources */,
			);
			runOnlyForDeploymentPostprocessing = 0;
		};
		1BF26A961A6F888F00BED700 /* Resources */ = {
			isa = PBXResourcesBuildPhase;
			buildActionMask = 2147483647;
			files = (
			);
			runOnlyForDeploymentPostprocessing = 0;
		};
/* End PBXResourcesBuildPhase section */

/* Begin PBXSourcesBuildPhase section */
		1BF26A7B1A6F888F00BED700 /* Sources */ = {
			isa = PBXSourcesBuildPhase;
			buildActionMask = 2147483647;
			files = (
				1BF26A8B1A6F888F00BED700 /* ViewController.m in Sources */,
				1BF26A881A6F888F00BED700 /* AppDelegate.m in Sources */,
				1BF26A851A6F888F00BED700 /* main.m in Sources */,
				1BCAA3E21A70C15B0094DBC2 /* detailViewController.m in Sources */,
			);
			runOnlyForDeploymentPostprocessing = 0;
		};
		1BF26A941A6F888F00BED700 /* Sources */ = {
			isa = PBXSourcesBuildPhase;
			buildActionMask = 2147483647;
			files = (
				1BF26A9F1A6F888F00BED700 /* SamplePListTests.m in Sources */,
			);
			runOnlyForDeploymentPostprocessing = 0;
		};
/* End PBXSourcesBuildPhase section */

/* Begin PBXTargetDependency section */
		1BF26A9A1A6F888F00BED700 /* PBXTargetDependency */ = {
			isa = PBXTargetDependency;
			target = 1BF26A7E1A6F888F00BED700 /* SamplePList */;
			targetProxy = 1BF26A991A6F888F00BED700 /* PBXContainerItemProxy */;
		};
/* End PBXTargetDependency section */

/* Begin PBXVariantGroup section */
		1BF26A8C1A6F888F00BED700 /* Main.storyboard */ = {
			isa = PBXVariantGroup;
			children = (
				1BF26A8D1A6F888F00BED700 /* Base */,
			);
			name = Main.storyboard;
			sourceTree = "<group>";
		};
		1BF26A911A6F888F00BED700 /* LaunchScreen.xib */ = {
			isa = PBXVariantGroup;
			children = (
				1BF26A921A6F888F00BED700 /* Base */,
			);
			name = LaunchScreen.xib;
			sourceTree = "<group>";
		};
/* End PBXVariantGroup section */

/* Begin XCBuildConfiguration section */
		1BF26AA01A6F888F00BED700 /* Debug */ = {
			isa = XCBuildConfiguration;
			buildSettings = {
				ALWAYS_SEARCH_USER_PATHS = NO;
				CLANG_CXX_LANGUAGE_STANDARD = "gnu++0x";
				CLANG_CXX_LIBRARY = "libc++";
				CLANG_ENABLE_MODULES = YES;
				CLANG_ENABLE_OBJC_ARC = YES;
				CLANG_WARN_BOOL_CONVERSION = YES;
				CLANG_WARN_CONSTANT_CONVERSION = YES;
				CLANG_WARN_DIRECT_OBJC_ISA_USAGE = YES_ERROR;
				CLANG_WARN_EMPTY_BODY = YES;
				CLANG_WARN_ENUM_CONVERSION = YES;
				CLANG_WARN_INT_CONVERSION = YES;
				CLANG_WARN_OBJC_ROOT_CLASS = YES_ERROR;
				CLANG_WARN_UNREACHABLE_CODE = YES;
				CLANG_WARN__DUPLICATE_METHOD_MATCH = YES;
				"CODE_SIGN_IDENTITY[sdk=iphoneos*]" = "iPhone Developer";
				COPY_PHASE_STRIP = NO;
				ENABLE_STRICT_OBJC_MSGSEND = YES;
				GCC_C_LANGUAGE_STANDARD = gnu99;
				GCC_DYNAMIC_NO_PIC = NO;
				GCC_OPTIMIZATION_LEVEL = 0;
				GCC_PREPROCESSOR_DEFINITIONS = (
					"DEBUG=1",
					"$(inherited)",
				);
				GCC_SYMBOLS_PRIVATE_EXTERN = NO;
				GCC_WARN_64_TO_32_BIT_CONVERSION = YES;
				GCC_WARN_ABOUT_RETURN_TYPE = YES_ERROR;
				GCC_WARN_UNDECLARED_SELECTOR = YES;
				GCC_WARN_UNINITIALIZED_AUTOS = YES_AGGRESSIVE;
				GCC_WARN_UNUSED_FUNCTION = YES;
				GCC_WARN_UNUSED_VARIABLE = YES;
				IPHONEOS_DEPLOYMENT_TARGET = 8.1;
				MTL_ENABLE_DEBUG_INFO = YES;
				ONLY_ACTIVE_ARCH = YES;
				SDKROOT = iphoneos;
			};
			name = Debug;
		};
		1BF26AA11A6F888F00BED700 /* Release */ = {
			isa = XCBuildConfiguration;
			buildSettings = {
				ALWAYS_SEARCH_USER_PATHS = NO;
				CLANG_CXX_LANGUAGE_STANDARD = "gnu++0x";
				CLANG_CXX_LIBRARY = "libc++";
				CLANG_ENABLE_MODULES = YES;
				CLANG_ENABLE_OBJC_ARC = YES;
				CLANG_WARN_BOOL_CONVERSION = YES;
				CLANG_WARN_CONSTANT_CONVERSION = YES;
				CLANG_WARN_DIRECT_OBJC_ISA_USAGE = YES_ERROR;
				CLANG_WARN_EMPTY_BODY = YES;
				CLANG_WARN_ENUM_CONVERSION = YES;
				CLANG_WARN_INT_CONVERSION = YES;
				CLANG_WARN_OBJC_ROOT_CLASS = YES_ERROR;
				CLANG_WARN_UNREACHABLE_CODE = YES;
				CLANG_WARN__DUPLICATE_METHOD_MATCH = YES;
				"CODE_SIGN_IDENTITY[sdk=iphoneos*]" = "iPhone Developer";
				COPY_PHASE_STRIP = YES;
				ENABLE_NS_ASSERTIONS = NO;
				ENABLE_STRICT_OBJC_MSGSEND = YES;
				GCC_C_LANGUAGE_STANDARD = gnu99;
				GCC_WARN_64_TO_32_BIT_CONVERSION = YES;
				GCC_WARN_ABOUT_RETURN_TYPE = YES_ERROR;
				GCC_WARN_UNDECLARED_SELECTOR = YES;
				GCC_WARN_UNINITIALIZED_AUTOS = YES_AGGRESSIVE;
				GCC_WARN_UNUSED_FUNCTION = YES;
				GCC_WARN_UNUSED_VARIABLE = YES;
				IPHONEOS_DEPLOYMENT_TARGET = 8.1;
				MTL_ENABLE_DEBUG_INFO = NO;
				SDKROOT = iphoneos;
				VALIDATE_PRODUCT = YES;
			};
			name = Release;
		};
		1BF26AA31A6F888F00BED700 /* Debug */ = {
			isa = XCBuildConfiguration;
			buildSettings = {
				ASSETCATALOG_COMPILER_APPICON_NAME = AppIcon;
				INFOPLIST_FILE = SamplePList/Info.plist;
				LD_RUNPATH_SEARCH_PATHS = "$(inherited) @executable_path/Frameworks";
				PRODUCT_NAME = "$(TARGET_NAME)";
			};
			name = Debug;
		};
		1BF26AA41A6F888F00BED700 /* Release */ = {
			isa = XCBuildConfiguration;
			buildSettings = {
				ASSETCATALOG_COMPILER_APPICON_NAME = AppIcon;
				INFOPLIST_FILE = SamplePList/Info.plist;
				LD_RUNPATH_SEARCH_PATHS = "$(inherited) @executable_path/Frameworks";
				PRODUCT_NAME = "$(TARGET_NAME)";
			};
			name = Release;
		};
		1BF26AA61A6F888F00BED700 /* Debug */ = {
			isa = XCBuildConfiguration;
			buildSettings = {
				BUNDLE_LOADER = "$(TEST_HOST)";
				FRAMEWORK_SEARCH_PATHS = (
					"$(SDKROOT)/Developer/Library/Frameworks",
					"$(inherited)",
				);
				GCC_PREPROCESSOR_DEFINITIONS = (
					"DEBUG=1",
					"$(inherited)",
				);
				INFOPLIST_FILE = SamplePListTests/Info.plist;
				LD_RUNPATH_SEARCH_PATHS = "$(inherited) @executable_path/Frameworks @loader_path/Frameworks";
				PRODUCT_NAME = "$(TARGET_NAME)";
				TEST_HOST = "$(BUILT_PRODUCTS_DIR)/SamplePList.app/SamplePList";
			};
			name = Debug;
		};
		1BF26AA71A6F888F00BED700 /* Release */ = {
			isa = XCBuildConfiguration;
			buildSettings = {
				BUNDLE_LOADER = "$(TEST_HOST)";
				FRAMEWORK_SEARCH_PATHS = (
					"$(SDKROOT)/Developer/Library/Frameworks",
					"$(inherited)",
				);
				INFOPLIST_FILE = SamplePListTests/Info.plist;
				LD_RUNPATH_SEARCH_PATHS = "$(inherited) @executable_path/Frameworks @loader_path/Frameworks";
				PRODUCT_NAME = "$(TARGET_NAME)";
				TEST_HOST = "$(BUILT_PRODUCTS_DIR)/SamplePList.app/SamplePList";
			};
			name = Release;
		};
/* End XCBuildConfiguration section */

/* Begin XCConfigurationList section */
		1BF26A7A1A6F888F00BED700 /* Build configuration list for PBXProject "SamplePList" */ = {
			isa = XCConfigurationList;
			buildConfigurations = (
				1BF26AA01A6F888F00BED700 /* Debug */,
				1BF26AA11A6F888F00BED700 /* Release */,
			);
			defaultConfigurationIsVisible = 0;
			defaultConfigurationName = Release;
		};
		1BF26AA21A6F888F00BED700 /* Build configuration list for PBXNativeTarget "SamplePList" */ = {
			isa = XCConfigurationList;
			buildConfigurations = (
				1BF26AA31A6F888F00BED700 /* Debug */,
				1BF26AA41A6F888F00BED700 /* Release */,
			);
			defaultConfigurationIsVisible = 0;
			defaultConfigurationName = Release;
		};
		1BF26AA51A6F888F00BED700 /* Build configuration list for PBXNativeTarget "SamplePListTests" */ = {
			isa = XCConfigurationList;
			buildConfigurations = (
				1BF26AA61A6F888F00BED700 /* Debug */,
				1BF26AA71A6F888F00BED700 /* Release */,
			);
			defaultConfigurationIsVisible = 0;
			defaultConfigurationName = Release;
		};
/* End XCConfigurationList section */
	};
	rootObject = 1BF26A771A6F888F00BED700 /* Project object */;
}
