// !$*UTF8*$!
{
	archiveVersion = 1;
	classes = {
	};
	objectVersion = 46;
	objects = {

/* Begin PBXBuildFile section */
		1BBFE05F1A66328600A7395B /* main.m in Sources */ = {isa = PBXBuildFile; fileRef = 1BBFE05E1A66328600A7395B /* main.m */; };
		1BBFE0621A66328600A7395B /* AppDelegate.m in Sources */ = {isa = PBXBuildFile; fileRef = 1BBFE0611A66328600A7395B /* AppDelegate.m */; };
		1BBFE0651A66328600A7395B /* ViewController.m in Sources */ = {isa = PBXBuildFile; fileRef = 1BBFE0641A66328600A7395B /* ViewController.m */; };
		1BBFE0681A66328600A7395B /* Main.storyboard in Resources */ = {isa = PBXBuildFile; fileRef = 1BBFE0661A66328600A7395B /* Main.storyboard */; };
		1BBFE06A1A66328600A7395B /* Images.xcassets in Resources */ = {isa = PBXBuildFile; fileRef = 1BBFE0691A66328600A7395B /* Images.xcassets */; };
		1BBFE06D1A66328600A7395B /* LaunchScreen.xib in Resources */ = {isa = PBXBuildFile; fileRef = 1BBFE06B1A66328600A7395B /* LaunchScreen.xib */; };
		1BBFE0791A66328600A7395B /* SampleTableView001Tests.m in Sources */ = {isa = PBXBuildFile; fileRef = 1BBFE0781A66328600A7395B /* SampleTableView001Tests.m */; };
/* End PBXBuildFile section */

/* Begin PBXContainerItemProxy section */
		1BBFE0731A66328600A7395B /* PBXContainerItemProxy */ = {
			isa = PBXContainerItemProxy;
			containerPortal = 1BBFE0511A66328500A7395B /* Project object */;
			proxyType = 1;
			remoteGlobalIDString = 1BBFE0581A66328500A7395B;
			remoteInfo = SampleTableView001;
		};
/* End PBXContainerItemProxy section */

/* Begin PBXFileReference section */
		1BBFE0591A66328500A7395B /* SampleTableView001.app */ = {isa = PBXFileReference; explicitFileType = wrapper.application; includeInIndex = 0; path = SampleTableView001.app; sourceTree = BUILT_PRODUCTS_DIR; };
		1BBFE05D1A66328500A7395B /* Info.plist */ = {isa = PBXFileReference; lastKnownFileType = text.plist.xml; path = Info.plist; sourceTree = "<group>"; };
		1BBFE05E1A66328600A7395B /* main.m */ = {isa = PBXFileReference; lastKnownFileType = sourcecode.c.objc; path = main.m; sourceTree = "<group>"; };
		1BBFE0601A66328600A7395B /* AppDelegate.h */ = {isa = PBXFileReference; lastKnownFileType = sourcecode.c.h; path = AppDelegate.h; sourceTree = "<group>"; };
		1BBFE0611A66328600A7395B /* AppDelegate.m */ = {isa = PBXFileReference; lastKnownFileType = sourcecode.c.objc; path = AppDelegate.m; sourceTree = "<group>"; };
		1BBFE0631A66328600A7395B /* ViewController.h */ = {isa = PBXFileReference; lastKnownFileType = sourcecode.c.h; path = ViewController.h; sourceTree = "<group>"; };
		1BBFE0641A66328600A7395B /* ViewController.m */ = {isa = PBXFileReference; lastKnownFileType = sourcecode.c.objc; path = ViewController.m; sourceTree = "<group>"; };
		1BBFE0671A66328600A7395B /* Base */ = {isa = PBXFileReference; lastKnownFileType = file.storyboard; name = Base; path = Base.lproj/Main.storyboard; sourceTree = "<group>"; };
		1BBFE0691A66328600A7395B /* Images.xcassets */ = {isa = PBXFileReference; lastKnownFileType = folder.assetcatalog; path = Images.xcassets; sourceTree = "<group>"; };
		1BBFE06C1A66328600A7395B /* Base */ = {isa = PBXFileReference; lastKnownFileType = file.xib; name = Base; path = Base.lproj/LaunchScreen.xib; sourceTree = "<group>"; };
		1BBFE0721A66328600A7395B /* SampleTableView001Tests.xctest */ = {isa = PBXFileReference; explicitFileType = wrapper.cfbundle; includeInIndex = 0; path = SampleTableView001Tests.xctest; sourceTree = BUILT_PRODUCTS_DIR; };
		1BBFE0771A66328600A7395B /* Info.plist */ = {isa = PBXFileReference; lastKnownFileType = text.plist.xml; path = Info.plist; sourceTree = "<group>"; };
		1BBFE0781A66328600A7395B /* SampleTableView001Tests.m */ = {isa = PBXFileReference; lastKnownFileType = sourcecode.c.objc; path = SampleTableView001Tests.m; sourceTree = "<group>"; };
/* End PBXFileReference section */

/* Begin PBXFrameworksBuildPhase section */
		1BBFE0561A66328500A7395B /* Frameworks */ = {
			isa = PBXFrameworksBuildPhase;
			buildActionMask = 2147483647;
			files = (
			);
			runOnlyForDeploymentPostprocessing = 0;
		};
		1BBFE06F1A66328600A7395B /* Frameworks */ = {
			isa = PBXFrameworksBuildPhase;
			buildActionMask = 2147483647;
			files = (
			);
			runOnlyForDeploymentPostprocessing = 0;
		};
/* End PBXFrameworksBuildPhase section */

/* Begin PBXGroup section */
		1BBFE0501A66328500A7395B = {
			isa = PBXGroup;
			children = (
				1BBFE05B1A66328500A7395B /* SampleTableView001 */,
				1BBFE0751A66328600A7395B /* SampleTableView001Tests */,
				1BBFE05A1A66328500A7395B /* Products */,
			);
			sourceTree = "<group>";
		};
		1BBFE05A1A66328500A7395B /* Products */ = {
			isa = PBXGroup;
			children = (
				1BBFE0591A66328500A7395B /* SampleTableView001.app */,
				1BBFE0721A66328600A7395B /* SampleTableView001Tests.xctest */,
			);
			name = Products;
			sourceTree = "<group>";
		};
		1BBFE05B1A66328500A7395B /* SampleTableView001 */ = {
			isa = PBXGroup;
			children = (
				1BBFE0601A66328600A7395B /* AppDelegate.h */,
				1BBFE0611A66328600A7395B /* AppDelegate.m */,
				1BBFE0631A66328600A7395B /* ViewController.h */,
				1BBFE0641A66328600A7395B /* ViewController.m */,
				1BBFE0661A66328600A7395B /* Main.storyboard */,
				1BBFE0691A66328600A7395B /* Images.xcassets */,
				1BBFE06B1A66328600A7395B /* LaunchScreen.xib */,
				1BBFE05C1A66328500A7395B /* Supporting Files */,
			);
			path = SampleTableView001;
			sourceTree = "<group>";
		};
		1BBFE05C1A66328500A7395B /* Supporting Files */ = {
			isa = PBXGroup;
			children = (
				1BBFE05D1A66328500A7395B /* Info.plist */,
				1BBFE05E1A66328600A7395B /* main.m */,
			);
			name = "Supporting Files";
			sourceTree = "<group>";
		};
		1BBFE0751A66328600A7395B /* SampleTableView001Tests */ = {
			isa = PBXGroup;
			children = (
				1BBFE0781A66328600A7395B /* SampleTableView001Tests.m */,
				1BBFE0761A66328600A7395B /* Supporting Files */,
			);
			path = SampleTableView001Tests;
			sourceTree = "<group>";
		};
		1BBFE0761A66328600A7395B /* Supporting Files */ = {
			isa = PBXGroup;
			children = (
				1BBFE0771A66328600A7395B /* Info.plist */,
			);
			name = "Supporting Files";
			sourceTree = "<group>";
		};
/* End PBXGroup section */

/* Begin PBXNativeTarget section */
		1BBFE0581A66328500A7395B /* SampleTableView001 */ = {
			isa = PBXNativeTarget;
			buildConfigurationList = 1BBFE07C1A66328600A7395B /* Build configuration list for PBXNativeTarget "SampleTableView001" */;
			buildPhases = (
				1BBFE0551A66328500A7395B /* Sources */,
				1BBFE0561A66328500A7395B /* Frameworks */,
				1BBFE0571A66328500A7395B /* Resources */,
			);
			buildRules = (
			);
			dependencies = (
			);
			name = SampleTableView001;
			productName = SampleTableView001;
			productReference = 1BBFE0591A66328500A7395B /* SampleTableView001.app */;
			productType = "com.apple.product-type.application";
		};
		1BBFE0711A66328600A7395B /* SampleTableView001Tests */ = {
			isa = PBXNativeTarget;
			buildConfigurationList = 1BBFE07F1A66328600A7395B /* Build configuration list for PBXNativeTarget "SampleTableView001Tests" */;
			buildPhases = (
				1BBFE06E1A66328600A7395B /* Sources */,
				1BBFE06F1A66328600A7395B /* Frameworks */,
				1BBFE0701A66328600A7395B /* Resources */,
			);
			buildRules = (
			);
			dependencies = (
				1BBFE0741A66328600A7395B /* PBXTargetDependency */,
			);
			name = SampleTableView001Tests;
			productName = SampleTableView001Tests;
			productReference = 1BBFE0721A66328600A7395B /* SampleTableView001Tests.xctest */;
			productType = "com.apple.product-type.bundle.unit-test";
		};
/* End PBXNativeTarget section */

/* Begin PBXProject section */
		1BBFE0511A66328500A7395B /* Project object */ = {
			isa = PBXProject;
			attributes = {
				LastUpgradeCheck = 0610;
				ORGANIZATIONNAME = "Eriko Ichinohe";
				TargetAttributes = {
					1BBFE0581A66328500A7395B = {
						CreatedOnToolsVersion = 6.1.1;
					};
					1BBFE0711A66328600A7395B = {
						CreatedOnToolsVersion = 6.1.1;
						TestTargetID = 1BBFE0581A66328500A7395B;
					};
				};
			};
			buildConfigurationList = 1BBFE0541A66328500A7395B /* Build configuration list for PBXProject "SampleTableView001" */;
			compatibilityVersion = "Xcode 3.2";
			developmentRegion = English;
			hasScannedForEncodings = 0;
			knownRegions = (
				en,
				Base,
			);
			mainGroup = 1BBFE0501A66328500A7395B;
			productRefGroup = 1BBFE05A1A66328500A7395B /* Products */;
			projectDirPath = "";
			projectRoot = "";
			targets = (
				1BBFE0581A66328500A7395B /* SampleTableView001 */,
				1BBFE0711A66328600A7395B /* SampleTableView001Tests */,
			);
		};
/* End PBXProject section */

/* Begin PBXResourcesBuildPhase section */
		1BBFE0571A66328500A7395B /* Resources */ = {
			isa = PBXResourcesBuildPhase;
			buildActionMask = 2147483647;
			files = (
				1BBFE0681A66328600A7395B /* Main.storyboard in Resources */,
				1BBFE06D1A66328600A7395B /* LaunchScreen.xib in Resources */,
				1BBFE06A1A66328600A7395B /* Images.xcassets in Resources */,
			);
			runOnlyForDeploymentPostprocessing = 0;
		};
		1BBFE0701A66328600A7395B /* Resources */ = {
			isa = PBXResourcesBuildPhase;
			buildActionMask = 2147483647;
			files = (
			);
			runOnlyForDeploymentPostprocessing = 0;
		};
/* End PBXResourcesBuildPhase section */

/* Begin PBXSourcesBuildPhase section */
		1BBFE0551A66328500A7395B /* Sources */ = {
			isa = PBXSourcesBuildPhase;
			buildActionMask = 2147483647;
			files = (
				1BBFE0651A66328600A7395B /* ViewController.m in Sources */,
				1BBFE0621A66328600A7395B /* AppDelegate.m in Sources */,
				1BBFE05F1A66328600A7395B /* main.m in Sources */,
			);
			runOnlyForDeploymentPostprocessing = 0;
		};
		1BBFE06E1A66328600A7395B /* Sources */ = {
			isa = PBXSourcesBuildPhase;
			buildActionMask = 2147483647;
			files = (
				1BBFE0791A66328600A7395B /* SampleTableView001Tests.m in Sources */,
			);
			runOnlyForDeploymentPostprocessing = 0;
		};
/* End PBXSourcesBuildPhase section */

/* Begin PBXTargetDependency section */
		1BBFE0741A66328600A7395B /* PBXTargetDependency */ = {
			isa = PBXTargetDependency;
			target = 1BBFE0581A66328500A7395B /* SampleTableView001 */;
			targetProxy = 1BBFE0731A66328600A7395B /* PBXContainerItemProxy */;
		};
/* End PBXTargetDependency section */

/* Begin PBXVariantGroup section */
		1BBFE0661A66328600A7395B /* Main.storyboard */ = {
			isa = PBXVariantGroup;
			children = (
				1BBFE0671A66328600A7395B /* Base */,
			);
			name = Main.storyboard;
			sourceTree = "<group>";
		};
		1BBFE06B1A66328600A7395B /* LaunchScreen.xib */ = {
			isa = PBXVariantGroup;
			children = (
				1BBFE06C1A66328600A7395B /* Base */,
			);
			name = LaunchScreen.xib;
			sourceTree = "<group>";
		};
/* End PBXVariantGroup section */

/* Begin XCBuildConfiguration section */
		1BBFE07A1A66328600A7395B /* Debug */ = {
			isa = XCBuildConfiguration;
			buildSettings = {
				ALWAYS_SEARCH_USER_PATHS = NO;
				CLANG_CXX_LANGUAGE_STANDARD = "gnu++0x";
				CLANG_CXX_LIBRARY = "libc++";
				CLANG_ENABLE_MODULES = YES;
				CLANG_ENABLE_OBJC_ARC = YES;
				CLANG_WARN_BOOL_CONVERSION = YES;
				CLANG_WARN_CONSTANT_CONVERSION = YES;
				CLANG_WARN_DIRECT_OBJC_ISA_USAGE = YES_ERROR;
				CLANG_WARN_EMPTY_BODY = YES;
				CLANG_WARN_ENUM_CONVERSION = YES;
				CLANG_WARN_INT_CONVERSION = YES;
				CLANG_WARN_OBJC_ROOT_CLASS = YES_ERROR;
				CLANG_WARN_UNREACHABLE_CODE = YES;
				CLANG_WARN__DUPLICATE_METHOD_MATCH = YES;
				"CODE_SIGN_IDENTITY[sdk=iphoneos*]" = "iPhone Developer";
				COPY_PHASE_STRIP = NO;
				ENABLE_STRICT_OBJC_MSGSEND = YES;
				GCC_C_LANGUAGE_STANDARD = gnu99;
				GCC_DYNAMIC_NO_PIC = NO;
				GCC_OPTIMIZATION_LEVEL = 0;
				GCC_PREPROCESSOR_DEFINITIONS = (
					"DEBUG=1",
					"$(inherited)",
				);
				GCC_SYMBOLS_PRIVATE_EXTERN = NO;
				GCC_WARN_64_TO_32_BIT_CONVERSION = YES;
				GCC_WARN_ABOUT_RETURN_TYPE = YES_ERROR;
				GCC_WARN_UNDECLARED_SELECTOR = YES;
				GCC_WARN_UNINITIALIZED_AUTOS = YES_AGGRESSIVE;
				GCC_WARN_UNUSED_FUNCTION = YES;
				GCC_WARN_UNUSED_VARIABLE = YES;
				IPHONEOS_DEPLOYMENT_TARGET = 8.1;
				MTL_ENABLE_DEBUG_INFO = YES;
				ONLY_ACTIVE_ARCH = YES;
				SDKROOT = iphoneos;
			};
			name = Debug;
		};
		1BBFE07B1A66328600A7395B /* Release */ = {
			isa = XCBuildConfiguration;
			buildSettings = {
				ALWAYS_SEARCH_USER_PATHS = NO;
				CLANG_CXX_LANGUAGE_STANDARD = "gnu++0x";
				CLANG_CXX_LIBRARY = "libc++";
				CLANG_ENABLE_MODULES = YES;
				CLANG_ENABLE_OBJC_ARC = YES;
				CLANG_WARN_BOOL_CONVERSION = YES;
				CLANG_WARN_CONSTANT_CONVERSION = YES;
				CLANG_WARN_DIRECT_OBJC_ISA_USAGE = YES_ERROR;
				CLANG_WARN_EMPTY_BODY = YES;
				CLANG_WARN_ENUM_CONVERSION = YES;
				CLANG_WARN_INT_CONVERSION = YES;
				CLANG_WARN_OBJC_ROOT_CLASS = YES_ERROR;
				CLANG_WARN_UNREACHABLE_CODE = YES;
				CLANG_WARN__DUPLICATE_METHOD_MATCH = YES;
				"CODE_SIGN_IDENTITY[sdk=iphoneos*]" = "iPhone Developer";
				COPY_PHASE_STRIP = YES;
				ENABLE_NS_ASSERTIONS = NO;
				ENABLE_STRICT_OBJC_MSGSEND = YES;
				GCC_C_LANGUAGE_STANDARD = gnu99;
				GCC_WARN_64_TO_32_BIT_CONVERSION = YES;
				GCC_WARN_ABOUT_RETURN_TYPE = YES_ERROR;
				GCC_WARN_UNDECLARED_SELECTOR = YES;
				GCC_WARN_UNINITIALIZED_AUTOS = YES_AGGRESSIVE;
				GCC_WARN_UNUSED_FUNCTION = YES;
				GCC_WARN_UNUSED_VARIABLE = YES;
				IPHONEOS_DEPLOYMENT_TARGET = 8.1;
				MTL_ENABLE_DEBUG_INFO = NO;
				SDKROOT = iphoneos;
				VALIDATE_PRODUCT = YES;
			};
			name = Release;
		};
		1BBFE07D1A66328600A7395B /* Debug */ = {
			isa = XCBuildConfiguration;
			buildSettings = {
				ASSETCATALOG_COMPILER_APPICON_NAME = AppIcon;
				INFOPLIST_FILE = SampleTableView001/Info.plist;
				LD_RUNPATH_SEARCH_PATHS = "$(inherited) @executable_path/Frameworks";
				PRODUCT_NAME = "$(TARGET_NAME)";
			};
			name = Debug;
		};
		1BBFE07E1A66328600A7395B /* Release */ = {
			isa = XCBuildConfiguration;
			buildSettings = {
				ASSETCATALOG_COMPILER_APPICON_NAME = AppIcon;
				INFOPLIST_FILE = SampleTableView001/Info.plist;
				LD_RUNPATH_SEARCH_PATHS = "$(inherited) @executable_path/Frameworks";
				PRODUCT_NAME = "$(TARGET_NAME)";
			};
			name = Release;
		};
		1BBFE0801A66328600A7395B /* Debug */ = {
			isa = XCBuildConfiguration;
			buildSettings = {
				BUNDLE_LOADER = "$(TEST_HOST)";
				FRAMEWORK_SEARCH_PATHS = (
					"$(SDKROOT)/Developer/Library/Frameworks",
					"$(inherited)",
				);
				GCC_PREPROCESSOR_DEFINITIONS = (
					"DEBUG=1",
					"$(inherited)",
				);
				INFOPLIST_FILE = SampleTableView001Tests/Info.plist;
				LD_RUNPATH_SEARCH_PATHS = "$(inherited) @executable_path/Frameworks @loader_path/Frameworks";
				PRODUCT_NAME = "$(TARGET_NAME)";
				TEST_HOST = "$(BUILT_PRODUCTS_DIR)/SampleTableView001.app/SampleTableView001";
			};
			name = Debug;
		};
		1BBFE0811A66328600A7395B /* Release */ = {
			isa = XCBuildConfiguration;
			buildSettings = {
				BUNDLE_LOADER = "$(TEST_HOST)";
				FRAMEWORK_SEARCH_PATHS = (
					"$(SDKROOT)/Developer/Library/Frameworks",
					"$(inherited)",
				);
				INFOPLIST_FILE = SampleTableView001Tests/Info.plist;
				LD_RUNPATH_SEARCH_PATHS = "$(inherited) @executable_path/Frameworks @loader_path/Frameworks";
				PRODUCT_NAME = "$(TARGET_NAME)";
				TEST_HOST = "$(BUILT_PRODUCTS_DIR)/SampleTableView001.app/SampleTableView001";
			};
			name = Release;
		};
/* End XCBuildConfiguration section */

/* Begin XCConfigurationList section */
		1BBFE0541A66328500A7395B /* Build configuration list for PBXProject "SampleTableView001" */ = {
			isa = XCConfigurationList;
			buildConfigurations = (
				1BBFE07A1A66328600A7395B /* Debug */,
				1BBFE07B1A66328600A7395B /* Release */,
			);
			defaultConfigurationIsVisible = 0;
			defaultConfigurationName = Release;
		};
		1BBFE07C1A66328600A7395B /* Build configuration list for PBXNativeTarget "SampleTableView001" */ = {
			isa = XCConfigurationList;
			buildConfigurations = (
				1BBFE07D1A66328600A7395B /* Debug */,
				1BBFE07E1A66328600A7395B /* Release */,
			);
			defaultConfigurationIsVisible = 0;
		};
		1BBFE07F1A66328600A7395B /* Build configuration list for PBXNativeTarget "SampleTableView001Tests" */ = {
			isa = XCConfigurationList;
			buildConfigurations = (
				1BBFE0801A66328600A7395B /* Debug */,
				1BBFE0811A66328600A7395B /* Release */,
			);
			defaultConfigurationIsVisible = 0;
		};
/* End XCConfigurationList section */
	};
	rootObject = 1BBFE0511A66328500A7395B /* Project object */;
}
